// !$*UTF8*$!
{
	archiveVersion = 1;
	classes = {
	};
	objectVersion = 77;
	objects = {

/* Begin PBXBuildFile section */
		1511F3CB2D5554D100D986CF /* DMSans-Bold.ttf in Resources */ = {isa = PBXBuildFile; fileRef = 1511F3C62D5554D100D986CF /* DMSans-Bold.ttf */; };
		1511F3CC2D5554D100D986CF /* DMSans-Regular.ttf in Resources */ = {isa = PBXBuildFile; fileRef = 1511F3C82D5554D100D986CF /* DMSans-Regular.ttf */; };
		1511F3CD2D5554D100D986CF /* DMSans-Medium.ttf in Resources */ = {isa = PBXBuildFile; fileRef = 1511F3C72D5554D100D986CF /* DMSans-Medium.ttf */; };
		1511F3CE2D5554D100D986CF /* DMSans.ttf in Resources */ = {isa = PBXBuildFile; fileRef = 1511F3C52D5554D100D986CF /* DMSans.ttf */; };
		154112122D56983400F248F7 /* HeaderView.swift in Sources */ = {isa = PBXBuildFile; fileRef = 154112102D56983400F248F7 /* HeaderView.swift */; };
		154112132D56983400F248F7 /* HeaderView.xib in Resources */ = {isa = PBXBuildFile; fileRef = 154112112D56983400F248F7 /* HeaderView.xib */; };
		157E046F2D553F6E000170FC /* Colors.xcassets in Resources */ = {isa = PBXBuildFile; fileRef = 157E046E2D553F6E000170FC /* Colors.xcassets */; };
		157E04732D554242000170FC /* colors.stencil in Resources */ = {isa = PBXBuildFile; fileRef = 157E04722D554242000170FC /* colors.stencil */; };
		157E04762D554252000170FC /* images.stencil in Resources */ = {isa = PBXBuildFile; fileRef = 157E04752D554252000170FC /* images.stencil */; };
		1589FC142D51785700240754 /* Images.xcassets in Resources */ = {isa = PBXBuildFile; fileRef = 1589FC0B2D51785700240754 /* Images.xcassets */; };
		1589FC162D51785700240754 /* LaunchScreen.storyboard in Resources */ = {isa = PBXBuildFile; fileRef = 1589FC0E2D51785700240754 /* LaunchScreen.storyboard */; };
		1589FC172D51785700240754 /* Main.storyboard in Resources */ = {isa = PBXBuildFile; fileRef = 1589FC102D51785700240754 /* Main.storyboard */; };
		1589FC182D51785700240754 /* AppDelegate.swift in Sources */ = {isa = PBXBuildFile; fileRef = 1589FC0A2D51785700240754 /* AppDelegate.swift */; };
		1589FC192D51785700240754 /* SceneDelegate.swift in Sources */ = {isa = PBXBuildFile; fileRef = 1589FC112D51785700240754 /* SceneDelegate.swift */; };
		1589FC1A2D51785700240754 /* ViewController.swift in Sources */ = {isa = PBXBuildFile; fileRef = 1589FC122D51785700240754 /* ViewController.swift */; };
		1589FC1F2D51808600240754 /* HomeViewController.xib in Resources */ = {isa = PBXBuildFile; fileRef = 1589FC1E2D51808600240754 /* HomeViewController.xib */; };
		1589FC202D51808600240754 /* HomeViewController.swift in Sources */ = {isa = PBXBuildFile; fileRef = 1589FC1D2D51808600240754 /* HomeViewController.swift */; };
		1589FC232D51818E00240754 /* Logger in Frameworks */ = {isa = PBXBuildFile; productRef = 1589FC222D51818E00240754 /* Logger */; };
		1589FC252D51818E00240754 /* UIHerfety in Frameworks */ = {isa = PBXBuildFile; productRef = 1589FC242D51818E00240754 /* UIHerfety */; };
		1589FC292D51929D00240754 /* CardOfProduct.xib in Resources */ = {isa = PBXBuildFile; fileRef = 1589FC272D51929D00240754 /* CardOfProduct.xib */; };
		1589FC2A2D51929D00240754 /* CardOfProduct.swift in Sources */ = {isa = PBXBuildFile; fileRef = 1589FC262D51929D00240754 /* CardOfProduct.swift */; };
		15CD44AE2D52696B00E58C6F /* SliderImagesCollectionViewCell.xib in Resources */ = {isa = PBXBuildFile; fileRef = 15CD44AD2D52696B00E58C6F /* SliderImagesCollectionViewCell.xib */; };
		15CD44AF2D52696B00E58C6F /* SliderImagesCollectionViewCell.swift in Sources */ = {isa = PBXBuildFile; fileRef = 15CD44AC2D52696B00E58C6F /* SliderImagesCollectionViewCell.swift */; };
		15CD44B32D52716D00E58C6F /* CategoriesCollectionViewCell.xib in Resources */ = {isa = PBXBuildFile; fileRef = 15CD44B22D52716D00E58C6F /* CategoriesCollectionViewCell.xib */; };
		15CD44B42D52716D00E58C6F /* CategoriesCollectionViewCell.swift in Sources */ = {isa = PBXBuildFile; fileRef = 15CD44B12D52716D00E58C6F /* CategoriesCollectionViewCell.swift */; };
		15CD44BD2D5293AE00E58C6F /* DailyEssentailCollectionViewCell.xib in Resources */ = {isa = PBXBuildFile; fileRef = 15CD44BC2D5293AE00E58C6F /* DailyEssentailCollectionViewCell.xib */; };
		15CD44BE2D5293AE00E58C6F /* DailyEssentailCollectionViewCell.swift in Sources */ = {isa = PBXBuildFile; fileRef = 15CD44BB2D5293AE00E58C6F /* DailyEssentailCollectionViewCell.swift */; };
		15CD44C12D529B0300E58C6F /* SliderImages.swift in Sources */ = {isa = PBXBuildFile; fileRef = 15CD44C02D529B0300E58C6F /* SliderImages.swift */; };
		15CD44C32D52A10200E58C6F /* HomeModel.swift in Sources */ = {isa = PBXBuildFile; fileRef = 15CD44C22D52A10200E58C6F /* HomeModel.swift */; };
		15CD44C52D52A3BC00E58C6F /* HomeViewModel.swift in Sources */ = {isa = PBXBuildFile; fileRef = 15CD44C42D52A3BC00E58C6F /* HomeViewModel.swift */; };
		15CD44C72D52A73000E58C6F /* HomeLayout.swift in Sources */ = {isa = PBXBuildFile; fileRef = 15CD44C62D52A72F00E58C6F /* HomeLayout.swift */; };
		15CD44CA2D52B73500E58C6F /* TestViewController.xib in Resources */ = {isa = PBXBuildFile; fileRef = 15CD44C92D52B73500E58C6F /* TestViewController.xib */; };
		15CD44CB2D52B73500E58C6F /* TestViewController.swift in Sources */ = {isa = PBXBuildFile; fileRef = 15CD44C82D52B73500E58C6F /* TestViewController.swift */; };
/* End PBXBuildFile section */

/* Begin PBXFileReference section */
		1511F3C52D5554D100D986CF /* DMSans.ttf */ = {isa = PBXFileReference; lastKnownFileType = file; path = DMSans.ttf; sourceTree = "<group>"; };
		1511F3C62D5554D100D986CF /* DMSans-Bold.ttf */ = {isa = PBXFileReference; lastKnownFileType = file; path = "DMSans-Bold.ttf"; sourceTree = "<group>"; };
		1511F3C72D5554D100D986CF /* DMSans-Medium.ttf */ = {isa = PBXFileReference; lastKnownFileType = file; path = "DMSans-Medium.ttf"; sourceTree = "<group>"; };
		1511F3C82D5554D100D986CF /* DMSans-Regular.ttf */ = {isa = PBXFileReference; lastKnownFileType = file; path = "DMSans-Regular.ttf"; sourceTree = "<group>"; };
		154112102D56983400F248F7 /* HeaderView.swift */ = {isa = PBXFileReference; lastKnownFileType = sourcecode.swift; path = HeaderView.swift; sourceTree = "<group>"; };
		154112112D56983400F248F7 /* HeaderView.xib */ = {isa = PBXFileReference; lastKnownFileType = file.xib; path = HeaderView.xib; sourceTree = "<group>"; };
		157E046E2D553F6E000170FC /* Colors.xcassets */ = {isa = PBXFileReference; lastKnownFileType = folder.assetcatalog; path = Colors.xcassets; sourceTree = "<group>"; };
		157E04722D554242000170FC /* colors.stencil */ = {isa = PBXFileReference; lastKnownFileType = text; path = colors.stencil; sourceTree = "<group>"; };
		157E04752D554252000170FC /* images.stencil */ = {isa = PBXFileReference; lastKnownFileType = text; path = images.stencil; sourceTree = "<group>"; };
		1589FBF22D51781D00240754 /* Herfety.app */ = {isa = PBXFileReference; explicitFileType = wrapper.application; includeInIndex = 0; path = Herfety.app; sourceTree = BUILT_PRODUCTS_DIR; };
		1589FC0A2D51785700240754 /* AppDelegate.swift */ = {isa = PBXFileReference; lastKnownFileType = sourcecode.swift; path = AppDelegate.swift; sourceTree = "<group>"; };
		1589FC0B2D51785700240754 /* Images.xcassets */ = {isa = PBXFileReference; lastKnownFileType = folder.assetcatalog; path = Images.xcassets; sourceTree = "<group>"; };
		1589FC0C2D51785700240754 /* Info.plist */ = {isa = PBXFileReference; lastKnownFileType = text.plist.xml; path = Info.plist; sourceTree = "<group>"; };
		1589FC0D2D51785700240754 /* Base */ = {isa = PBXFileReference; lastKnownFileType = file.storyboard; name = Base; path = Base.lproj/LaunchScreen.storyboard; sourceTree = "<group>"; };
		1589FC0F2D51785700240754 /* Base */ = {isa = PBXFileReference; lastKnownFileType = file.storyboard; name = Base; path = Base.lproj/Main.storyboard; sourceTree = "<group>"; };
		1589FC112D51785700240754 /* SceneDelegate.swift */ = {isa = PBXFileReference; lastKnownFileType = sourcecode.swift; path = SceneDelegate.swift; sourceTree = "<group>"; };
		1589FC122D51785700240754 /* ViewController.swift */ = {isa = PBXFileReference; lastKnownFileType = sourcecode.swift; path = ViewController.swift; sourceTree = "<group>"; };
		1589FC1D2D51808600240754 /* HomeViewController.swift */ = {isa = PBXFileReference; lastKnownFileType = sourcecode.swift; path = HomeViewController.swift; sourceTree = "<group>"; };
		1589FC1E2D51808600240754 /* HomeViewController.xib */ = {isa = PBXFileReference; lastKnownFileType = file.xib; path = HomeViewController.xib; sourceTree = "<group>"; };
		1589FC262D51929D00240754 /* CardOfProduct.swift */ = {isa = PBXFileReference; lastKnownFileType = sourcecode.swift; path = CardOfProduct.swift; sourceTree = "<group>"; };
		1589FC272D51929D00240754 /* CardOfProduct.xib */ = {isa = PBXFileReference; lastKnownFileType = file.xib; path = CardOfProduct.xib; sourceTree = "<group>"; };
		15CD44AC2D52696B00E58C6F /* SliderImagesCollectionViewCell.swift */ = {isa = PBXFileReference; lastKnownFileType = sourcecode.swift; path = SliderImagesCollectionViewCell.swift; sourceTree = "<group>"; };
		15CD44AD2D52696B00E58C6F /* SliderImagesCollectionViewCell.xib */ = {isa = PBXFileReference; lastKnownFileType = file.xib; path = SliderImagesCollectionViewCell.xib; sourceTree = "<group>"; };
		15CD44B12D52716D00E58C6F /* CategoriesCollectionViewCell.swift */ = {isa = PBXFileReference; lastKnownFileType = sourcecode.swift; path = CategoriesCollectionViewCell.swift; sourceTree = "<group>"; };
		15CD44B22D52716D00E58C6F /* CategoriesCollectionViewCell.xib */ = {isa = PBXFileReference; lastKnownFileType = file.xib; path = CategoriesCollectionViewCell.xib; sourceTree = "<group>"; };
		15CD44BB2D5293AE00E58C6F /* DailyEssentailCollectionViewCell.swift */ = {isa = PBXFileReference; lastKnownFileType = sourcecode.swift; path = DailyEssentailCollectionViewCell.swift; sourceTree = "<group>"; };
		15CD44BC2D5293AE00E58C6F /* DailyEssentailCollectionViewCell.xib */ = {isa = PBXFileReference; lastKnownFileType = file.xib; path = DailyEssentailCollectionViewCell.xib; sourceTree = "<group>"; };
		15CD44C02D529B0300E58C6F /* SliderImages.swift */ = {isa = PBXFileReference; lastKnownFileType = sourcecode.swift; path = SliderImages.swift; sourceTree = "<group>"; };
		15CD44C22D52A10200E58C6F /* HomeModel.swift */ = {isa = PBXFileReference; lastKnownFileType = sourcecode.swift; path = HomeModel.swift; sourceTree = "<group>"; };
		15CD44C42D52A3BC00E58C6F /* HomeViewModel.swift */ = {isa = PBXFileReference; lastKnownFileType = sourcecode.swift; path = HomeViewModel.swift; sourceTree = "<group>"; };
		15CD44C62D52A72F00E58C6F /* HomeLayout.swift */ = {isa = PBXFileReference; lastKnownFileType = sourcecode.swift; path = HomeLayout.swift; sourceTree = "<group>"; };
		15CD44C82D52B73500E58C6F /* TestViewController.swift */ = {isa = PBXFileReference; lastKnownFileType = sourcecode.swift; path = TestViewController.swift; sourceTree = "<group>"; };
		15CD44C92D52B73500E58C6F /* TestViewController.xib */ = {isa = PBXFileReference; lastKnownFileType = file.xib; path = TestViewController.xib; sourceTree = "<group>"; };
/* End PBXFileReference section */

/* Begin PBXFrameworksBuildPhase section */
		1589FBEF2D51781D00240754 /* Frameworks */ = {
			isa = PBXFrameworksBuildPhase;
			buildActionMask = 2147483647;
			files = (
				1589FC252D51818E00240754 /* UIHerfety in Frameworks */,
				1589FC232D51818E00240754 /* Logger in Frameworks */,
			);
			runOnlyForDeploymentPostprocessing = 0;
		};
/* End PBXFrameworksBuildPhase section */

/* Begin PBXGroup section */
		1511F3C92D5554D100D986CF /* DM-Sans */ = {
			isa = PBXGroup;
			children = (
				1511F3C52D5554D100D986CF /* DMSans.ttf */,
				1511F3C62D5554D100D986CF /* DMSans-Bold.ttf */,
				1511F3C72D5554D100D986CF /* DMSans-Medium.ttf */,
				1511F3C82D5554D100D986CF /* DMSans-Regular.ttf */,
			);
			path = "DM-Sans";
			sourceTree = "<group>";
		};
		1511F3CA2D5554D100D986CF /* Fonts */ = {
			isa = PBXGroup;
			children = (
				1511F3C92D5554D100D986CF /* DM-Sans */,
			);
			path = Fonts;
			sourceTree = "<group>";
		};
		154112002D5654D500F248F7 /* SupplementaryView */ = {
			isa = PBXGroup;
			children = (
				154112102D56983400F248F7 /* HeaderView.swift */,
				154112112D56983400F248F7 /* HeaderView.xib */,
			);
			path = SupplementaryView;
			sourceTree = "<group>";
		};
		157E04702D554200000170FC /* SwiftGen */ = {
			isa = PBXGroup;
			children = (
				157E04712D554213000170FC /* Colors */,
				157E04742D55424A000170FC /* Images */,
			);
			path = SwiftGen;
			sourceTree = "<group>";
		};
		157E04712D554213000170FC /* Colors */ = {
			isa = PBXGroup;
			children = (
				157E046E2D553F6E000170FC /* Colors.xcassets */,
				157E04722D554242000170FC /* colors.stencil */,
			);
			path = Colors;
			sourceTree = "<group>";
		};
		157E04742D55424A000170FC /* Images */ = {
			isa = PBXGroup;
			children = (
				1589FC0B2D51785700240754 /* Images.xcassets */,
				157E04752D554252000170FC /* images.stencil */,
			);
			path = Images;
			sourceTree = "<group>";
		};
		1589FBE92D51781D00240754 = {
			isa = PBXGroup;
			children = (
				1589FC1B2D51801900240754 /* Resources */,
				1589FC132D51785700240754 /* Herfety */,
				1589FC212D51818E00240754 /* Frameworks */,
				1589FBF32D51781D00240754 /* Products */,
			);
			sourceTree = "<group>";
		};
		1589FBF32D51781D00240754 /* Products */ = {
			isa = PBXGroup;
			children = (
				1589FBF22D51781D00240754 /* Herfety.app */,
			);
			name = Products;
			sourceTree = "<group>";
		};
		1589FC132D51785700240754 /* Herfety */ = {
			isa = PBXGroup;
			children = (
				1589FC1C2D51802300240754 /* Scene */,
				1589FC0A2D51785700240754 /* AppDelegate.swift */,
				1589FC0C2D51785700240754 /* Info.plist */,
				1589FC0E2D51785700240754 /* LaunchScreen.storyboard */,
				1589FC102D51785700240754 /* Main.storyboard */,
				1589FC112D51785700240754 /* SceneDelegate.swift */,
				1589FC122D51785700240754 /* ViewController.swift */,
				1511F3CA2D5554D100D986CF /* Fonts */,
			);
			path = Herfety;
			sourceTree = "<group>";
		};
		1589FC1B2D51801900240754 /* Resources */ = {
			isa = PBXGroup;
			children = (
				157E04702D554200000170FC /* SwiftGen */,
			);
			path = Resources;
			sourceTree = "<group>";
		};
		1589FC1C2D51802300240754 /* Scene */ = {
			isa = PBXGroup;
			children = (
				15CD44AA2D5268F800E58C6F /* Home */,
				1589FC282D51929D00240754 /* CustomViews */,
				15CD44C82D52B73500E58C6F /* TestViewController.swift */,
				15CD44C92D52B73500E58C6F /* TestViewController.xib */,
			);
			path = Scene;
			sourceTree = "<group>";
		};
		1589FC212D51818E00240754 /* Frameworks */ = {
			isa = PBXGroup;
			children = (
			);
			name = Frameworks;
			sourceTree = "<group>";
		};
		1589FC282D51929D00240754 /* CustomViews */ = {
			isa = PBXGroup;
			children = (
			);
			path = CustomViews;
			sourceTree = "<group>";
		};
		1589FC2B2D51934800240754 /* CardItem */ = {
			isa = PBXGroup;
			children = (
				1589FC262D51929D00240754 /* CardOfProduct.swift */,
				1589FC272D51929D00240754 /* CardOfProduct.xib */,
			);
			path = CardItem;
			sourceTree = "<group>";
		};
		15CD44AA2D5268F800E58C6F /* Home */ = {
			isa = PBXGroup;
			children = (
				15CD44BF2D529A4000E58C6F /* Sections */,
				15CD44C62D52A72F00E58C6F /* HomeLayout.swift */,
				15CD44C22D52A10200E58C6F /* HomeModel.swift */,
				15CD44C42D52A3BC00E58C6F /* HomeViewModel.swift */,
				1589FC1D2D51808600240754 /* HomeViewController.swift */,
				1589FC1E2D51808600240754 /* HomeViewController.xib */,
			);
			path = Home;
			sourceTree = "<group>";
		};
		15CD44AB2D52691200E58C6F /* SliderImages */ = {
			isa = PBXGroup;
			children = (
				15CD44C02D529B0300E58C6F /* SliderImages.swift */,
				15CD44AC2D52696B00E58C6F /* SliderImagesCollectionViewCell.swift */,
				15CD44AD2D52696B00E58C6F /* SliderImagesCollectionViewCell.xib */,
			);
			path = SliderImages;
			sourceTree = "<group>";
		};
		15CD44B02D52714300E58C6F /* Categories */ = {
			isa = PBXGroup;
			children = (
				15CD44B12D52716D00E58C6F /* CategoriesCollectionViewCell.swift */,
				15CD44B22D52716D00E58C6F /* CategoriesCollectionViewCell.xib */,
			);
			path = Categories;
			sourceTree = "<group>";
		};
		15CD44BA2D52938A00E58C6F /* DailyEssential */ = {
			isa = PBXGroup;
			children = (
				15CD44BB2D5293AE00E58C6F /* DailyEssentailCollectionViewCell.swift */,
				15CD44BC2D5293AE00E58C6F /* DailyEssentailCollectionViewCell.xib */,
			);
			path = DailyEssential;
			sourceTree = "<group>";
		};
		15CD44BF2D529A4000E58C6F /* Sections */ = {
			isa = PBXGroup;
			children = (
				15CD44AB2D52691200E58C6F /* SliderImages */,
				15CD44B02D52714300E58C6F /* Categories */,
				1589FC2B2D51934800240754 /* CardItem */,
				15CD44BA2D52938A00E58C6F /* DailyEssential */,
				154112002D5654D500F248F7 /* SupplementaryView */,
			);
			path = Sections;
			sourceTree = "<group>";
		};
/* End PBXGroup section */

/* Begin PBXNativeTarget section */
		1589FBF12D51781D00240754 /* Herfety */ = {
			isa = PBXNativeTarget;
			buildConfigurationList = 1589FC052D51782000240754 /* Build configuration list for PBXNativeTarget "Herfety" */;
			buildPhases = (
				1589FBEE2D51781D00240754 /* Sources */,
				1589FBEF2D51781D00240754 /* Frameworks */,
				1589FBF02D51781D00240754 /* Resources */,
			);
			buildRules = (
			);
			dependencies = (
			);
			name = Herfety;
			packageProductDependencies = (
				1589FC222D51818E00240754 /* Logger */,
				1589FC242D51818E00240754 /* UIHerfety */,
			);
			productName = Herfety;
			productReference = 1589FBF22D51781D00240754 /* Herfety.app */;
			productType = "com.apple.product-type.application";
		};
/* End PBXNativeTarget section */

/* Begin PBXProject section */
		1589FBEA2D51781D00240754 /* Project object */ = {
			isa = PBXProject;
			attributes = {
				BuildIndependentTargetsInParallel = 1;
				LastSwiftUpdateCheck = 1620;
				LastUpgradeCheck = 1620;
				TargetAttributes = {
					1589FBF12D51781D00240754 = {
						CreatedOnToolsVersion = 16.2;
					};
				};
			};
			buildConfigurationList = 1589FBED2D51781D00240754 /* Build configuration list for PBXProject "Herfety" */;
			developmentRegion = en;
			hasScannedForEncodings = 0;
			knownRegions = (
				en,
				Base,
			);
			mainGroup = 1589FBE92D51781D00240754;
			minimizedProjectReferenceProxies = 1;
			preferredProjectObjectVersion = 77;
			productRefGroup = 1589FBF32D51781D00240754 /* Products */;
			projectDirPath = "";
			projectRoot = "";
			targets = (
				1589FBF12D51781D00240754 /* Herfety */,
			);
		};
/* End PBXProject section */

/* Begin PBXResourcesBuildPhase section */
		1589FBF02D51781D00240754 /* Resources */ = {
			isa = PBXResourcesBuildPhase;
			buildActionMask = 2147483647;
			files = (
				1589FC292D51929D00240754 /* CardOfProduct.xib in Resources */,
				15CD44BD2D5293AE00E58C6F /* DailyEssentailCollectionViewCell.xib in Resources */,
				15CD44AE2D52696B00E58C6F /* SliderImagesCollectionViewCell.xib in Resources */,
				1589FC142D51785700240754 /* Images.xcassets in Resources */,
				15CD44CA2D52B73500E58C6F /* TestViewController.xib in Resources */,
				1511F3CB2D5554D100D986CF /* DMSans-Bold.ttf in Resources */,
				1511F3CC2D5554D100D986CF /* DMSans-Regular.ttf in Resources */,
				1511F3CD2D5554D100D986CF /* DMSans-Medium.ttf in Resources */,
				1511F3CE2D5554D100D986CF /* DMSans.ttf in Resources */,
				157E04732D554242000170FC /* colors.stencil in Resources */,
				1589FC162D51785700240754 /* LaunchScreen.storyboard in Resources */,
				15CD44B32D52716D00E58C6F /* CategoriesCollectionViewCell.xib in Resources */,
				157E04762D554252000170FC /* images.stencil in Resources */,
				157E046F2D553F6E000170FC /* Colors.xcassets in Resources */,
				154112132D56983400F248F7 /* HeaderView.xib in Resources */,
				1589FC172D51785700240754 /* Main.storyboard in Resources */,
				1589FC1F2D51808600240754 /* HomeViewController.xib in Resources */,
			);
			runOnlyForDeploymentPostprocessing = 0;
		};
/* End PBXResourcesBuildPhase section */

/* Begin PBXSourcesBuildPhase section */
		1589FBEE2D51781D00240754 /* Sources */ = {
			isa = PBXSourcesBuildPhase;
			buildActionMask = 2147483647;
			files = (
				1589FC182D51785700240754 /* AppDelegate.swift in Sources */,
				15CD44C52D52A3BC00E58C6F /* HomeViewModel.swift in Sources */,
				15CD44B42D52716D00E58C6F /* CategoriesCollectionViewCell.swift in Sources */,
				1589FC192D51785700240754 /* SceneDelegate.swift in Sources */,
				1589FC1A2D51785700240754 /* ViewController.swift in Sources */,
				15CD44CB2D52B73500E58C6F /* TestViewController.swift in Sources */,
				15CD44C12D529B0300E58C6F /* SliderImages.swift in Sources */,
				1589FC202D51808600240754 /* HomeViewController.swift in Sources */,
				1589FC2A2D51929D00240754 /* CardOfProduct.swift in Sources */,
				154112122D56983400F248F7 /* HeaderView.swift in Sources */,
				15CD44BE2D5293AE00E58C6F /* DailyEssentailCollectionViewCell.swift in Sources */,
				15CD44C32D52A10200E58C6F /* HomeModel.swift in Sources */,
				15CD44C72D52A73000E58C6F /* HomeLayout.swift in Sources */,
				15CD44AF2D52696B00E58C6F /* SliderImagesCollectionViewCell.swift in Sources */,
			);
			runOnlyForDeploymentPostprocessing = 0;
		};
/* End PBXSourcesBuildPhase section */

/* Begin PBXVariantGroup section */
		1589FC0E2D51785700240754 /* LaunchScreen.storyboard */ = {
			isa = PBXVariantGroup;
			children = (
				1589FC0D2D51785700240754 /* Base */,
			);
			name = LaunchScreen.storyboard;
			sourceTree = "<group>";
		};
		1589FC102D51785700240754 /* Main.storyboard */ = {
			isa = PBXVariantGroup;
			children = (
				1589FC0F2D51785700240754 /* Base */,
			);
			name = Main.storyboard;
			sourceTree = "<group>";
		};
/* End PBXVariantGroup section */

/* Begin XCBuildConfiguration section */
		1589FC062D51782000240754 /* Debug */ = {
			isa = XCBuildConfiguration;
			buildSettings = {
				ASSETCATALOG_COMPILER_APPICON_NAME = AppIcon;
				ASSETCATALOG_COMPILER_GLOBAL_ACCENT_COLOR_NAME = AccentColor;
				CODE_SIGN_STYLE = Automatic;
				CURRENT_PROJECT_VERSION = 1;
				GENERATE_INFOPLIST_FILE = YES;
				INFOPLIST_FILE = Herfety/Info.plist;
				INFOPLIST_KEY_UIApplicationSupportsIndirectInputEvents = YES;
				INFOPLIST_KEY_UILaunchStoryboardName = LaunchScreen;
				INFOPLIST_KEY_UISupportedInterfaceOrientations_iPad = "UIInterfaceOrientationPortrait UIInterfaceOrientationPortraitUpsideDown UIInterfaceOrientationLandscapeLeft UIInterfaceOrientationLandscapeRight";
				INFOPLIST_KEY_UISupportedInterfaceOrientations_iPhone = "UIInterfaceOrientationPortrait UIInterfaceOrientationLandscapeLeft UIInterfaceOrientationLandscapeRight";
				IPHONEOS_DEPLOYMENT_TARGET = 15.0;
				LD_RUNPATH_SEARCH_PATHS = (
					"$(inherited)",
					"@executable_path/Frameworks",
				);
				MARKETING_VERSION = 1.0;
				PRODUCT_BUNDLE_IDENTIFIER = com.MahmoudAlaa.Herfety;
				PRODUCT_NAME = "$(TARGET_NAME)";
				SWIFT_EMIT_LOC_STRINGS = YES;
				SWIFT_VERSION = 5.0;
				TARGETED_DEVICE_FAMILY = "1,2";
			};
			name = Debug;
		};
		1589FC072D51782000240754 /* Release */ = {
			isa = XCBuildConfiguration;
			buildSettings = {
				ASSETCATALOG_COMPILER_APPICON_NAME = AppIcon;
				ASSETCATALOG_COMPILER_GLOBAL_ACCENT_COLOR_NAME = AccentColor;
				CODE_SIGN_STYLE = Automatic;
				CURRENT_PROJECT_VERSION = 1;
				GENERATE_INFOPLIST_FILE = YES;
				INFOPLIST_FILE = Herfety/Info.plist;
				INFOPLIST_KEY_UIApplicationSupportsIndirectInputEvents = YES;
				INFOPLIST_KEY_UILaunchStoryboardName = LaunchScreen;
				INFOPLIST_KEY_UISupportedInterfaceOrientations_iPad = "UIInterfaceOrientationPortrait UIInterfaceOrientationPortraitUpsideDown UIInterfaceOrientationLandscapeLeft UIInterfaceOrientationLandscapeRight";
				INFOPLIST_KEY_UISupportedInterfaceOrientations_iPhone = "UIInterfaceOrientationPortrait UIInterfaceOrientationLandscapeLeft UIInterfaceOrientationLandscapeRight";
				IPHONEOS_DEPLOYMENT_TARGET = 15.0;
				LD_RUNPATH_SEARCH_PATHS = (
					"$(inherited)",
					"@executable_path/Frameworks",
				);
				MARKETING_VERSION = 1.0;
				PRODUCT_BUNDLE_IDENTIFIER = com.MahmoudAlaa.Herfety;
				PRODUCT_NAME = "$(TARGET_NAME)";
				SWIFT_EMIT_LOC_STRINGS = YES;
				SWIFT_VERSION = 5.0;
				TARGETED_DEVICE_FAMILY = "1,2";
			};
			name = Release;
		};
		1589FC082D51782000240754 /* Debug */ = {
			isa = XCBuildConfiguration;
			buildSettings = {
				ALWAYS_SEARCH_USER_PATHS = NO;
				ASSETCATALOG_COMPILER_GENERATE_SWIFT_ASSET_SYMBOL_EXTENSIONS = YES;
				CLANG_ANALYZER_NONNULL = YES;
				CLANG_ANALYZER_NUMBER_OBJECT_CONVERSION = YES_AGGRESSIVE;
				CLANG_CXX_LANGUAGE_STANDARD = "gnu++20";
				CLANG_ENABLE_MODULES = YES;
				CLANG_ENABLE_OBJC_ARC = YES;
				CLANG_ENABLE_OBJC_WEAK = YES;
				CLANG_WARN_BLOCK_CAPTURE_AUTORELEASING = YES;
				CLANG_WARN_BOOL_CONVERSION = YES;
				CLANG_WARN_COMMA = YES;
				CLANG_WARN_CONSTANT_CONVERSION = YES;
				CLANG_WARN_DEPRECATED_OBJC_IMPLEMENTATIONS = YES;
				CLANG_WARN_DIRECT_OBJC_ISA_USAGE = YES_ERROR;
				CLANG_WARN_DOCUMENTATION_COMMENTS = YES;
				CLANG_WARN_EMPTY_BODY = YES;
				CLANG_WARN_ENUM_CONVERSION = YES;
				CLANG_WARN_INFINITE_RECURSION = YES;
				CLANG_WARN_INT_CONVERSION = YES;
				CLANG_WARN_NON_LITERAL_NULL_CONVERSION = YES;
				CLANG_WARN_OBJC_IMPLICIT_RETAIN_SELF = YES;
				CLANG_WARN_OBJC_LITERAL_CONVERSION = YES;
				CLANG_WARN_OBJC_ROOT_CLASS = YES_ERROR;
				CLANG_WARN_QUOTED_INCLUDE_IN_FRAMEWORK_HEADER = YES;
				CLANG_WARN_RANGE_LOOP_ANALYSIS = YES;
				CLANG_WARN_STRICT_PROTOTYPES = YES;
				CLANG_WARN_SUSPICIOUS_MOVE = YES;
				CLANG_WARN_UNGUARDED_AVAILABILITY = YES_AGGRESSIVE;
				CLANG_WARN_UNREACHABLE_CODE = YES;
				CLANG_WARN__DUPLICATE_METHOD_MATCH = YES;
				COPY_PHASE_STRIP = NO;
				DEBUG_INFORMATION_FORMAT = dwarf;
				ENABLE_STRICT_OBJC_MSGSEND = YES;
				ENABLE_TESTABILITY = YES;
				ENABLE_USER_SCRIPT_SANDBOXING = YES;
				GCC_C_LANGUAGE_STANDARD = gnu17;
				GCC_DYNAMIC_NO_PIC = NO;
				GCC_NO_COMMON_BLOCKS = YES;
				GCC_OPTIMIZATION_LEVEL = 0;
				GCC_PREPROCESSOR_DEFINITIONS = (
					"DEBUG=1",
					"$(inherited)",
				);
				GCC_WARN_64_TO_32_BIT_CONVERSION = YES;
				GCC_WARN_ABOUT_RETURN_TYPE = YES_ERROR;
				GCC_WARN_UNDECLARED_SELECTOR = YES;
				GCC_WARN_UNINITIALIZED_AUTOS = YES_AGGRESSIVE;
				GCC_WARN_UNUSED_FUNCTION = YES;
				GCC_WARN_UNUSED_VARIABLE = YES;
				IPHONEOS_DEPLOYMENT_TARGET = 15.6;
				LOCALIZATION_PREFERS_STRING_CATALOGS = YES;
				MTL_ENABLE_DEBUG_INFO = INCLUDE_SOURCE;
				MTL_FAST_MATH = YES;
				ONLY_ACTIVE_ARCH = YES;
				SDKROOT = iphoneos;
				SWIFT_ACTIVE_COMPILATION_CONDITIONS = "DEBUG $(inherited)";
				SWIFT_OPTIMIZATION_LEVEL = "-Onone";
			};
			name = Debug;
		};
		1589FC092D51782000240754 /* Release */ = {
			isa = XCBuildConfiguration;
			buildSettings = {
				ALWAYS_SEARCH_USER_PATHS = NO;
				ASSETCATALOG_COMPILER_GENERATE_SWIFT_ASSET_SYMBOL_EXTENSIONS = YES;
				CLANG_ANALYZER_NONNULL = YES;
				CLANG_ANALYZER_NUMBER_OBJECT_CONVERSION = YES_AGGRESSIVE;
				CLANG_CXX_LANGUAGE_STANDARD = "gnu++20";
				CLANG_ENABLE_MODULES = YES;
				CLANG_ENABLE_OBJC_ARC = YES;
				CLANG_ENABLE_OBJC_WEAK = YES;
				CLANG_WARN_BLOCK_CAPTURE_AUTORELEASING = YES;
				CLANG_WARN_BOOL_CONVERSION = YES;
				CLANG_WARN_COMMA = YES;
				CLANG_WARN_CONSTANT_CONVERSION = YES;
				CLANG_WARN_DEPRECATED_OBJC_IMPLEMENTATIONS = YES;
				CLANG_WARN_DIRECT_OBJC_ISA_USAGE = YES_ERROR;
				CLANG_WARN_DOCUMENTATION_COMMENTS = YES;
				CLANG_WARN_EMPTY_BODY = YES;
				CLANG_WARN_ENUM_CONVERSION = YES;
				CLANG_WARN_INFINITE_RECURSION = YES;
				CLANG_WARN_INT_CONVERSION = YES;
				CLANG_WARN_NON_LITERAL_NULL_CONVERSION = YES;
				CLANG_WARN_OBJC_IMPLICIT_RETAIN_SELF = YES;
				CLANG_WARN_OBJC_LITERAL_CONVERSION = YES;
				CLANG_WARN_OBJC_ROOT_CLASS = YES_ERROR;
				CLANG_WARN_QUOTED_INCLUDE_IN_FRAMEWORK_HEADER = YES;
				CLANG_WARN_RANGE_LOOP_ANALYSIS = YES;
				CLANG_WARN_STRICT_PROTOTYPES = YES;
				CLANG_WARN_SUSPICIOUS_MOVE = YES;
				CLANG_WARN_UNGUARDED_AVAILABILITY = YES_AGGRESSIVE;
				CLANG_WARN_UNREACHABLE_CODE = YES;
				CLANG_WARN__DUPLICATE_METHOD_MATCH = YES;
				COPY_PHASE_STRIP = NO;
				DEBUG_INFORMATION_FORMAT = "dwarf-with-dsym";
				ENABLE_NS_ASSERTIONS = NO;
				ENABLE_STRICT_OBJC_MSGSEND = YES;
				ENABLE_USER_SCRIPT_SANDBOXING = YES;
				GCC_C_LANGUAGE_STANDARD = gnu17;
				GCC_NO_COMMON_BLOCKS = YES;
				GCC_WARN_64_TO_32_BIT_CONVERSION = YES;
				GCC_WARN_ABOUT_RETURN_TYPE = YES_ERROR;
				GCC_WARN_UNDECLARED_SELECTOR = YES;
				GCC_WARN_UNINITIALIZED_AUTOS = YES_AGGRESSIVE;
				GCC_WARN_UNUSED_FUNCTION = YES;
				GCC_WARN_UNUSED_VARIABLE = YES;
				IPHONEOS_DEPLOYMENT_TARGET = 15.6;
				LOCALIZATION_PREFERS_STRING_CATALOGS = YES;
				MTL_ENABLE_DEBUG_INFO = NO;
				MTL_FAST_MATH = YES;
				SDKROOT = iphoneos;
				SWIFT_COMPILATION_MODE = wholemodule;
				VALIDATE_PRODUCT = YES;
			};
			name = Release;
		};
/* End XCBuildConfiguration section */

/* Begin XCConfigurationList section */
		1589FBED2D51781D00240754 /* Build configuration list for PBXProject "Herfety" */ = {
			isa = XCConfigurationList;
			buildConfigurations = (
				1589FC082D51782000240754 /* Debug */,
				1589FC092D51782000240754 /* Release */,
			);
			defaultConfigurationIsVisible = 0;
			defaultConfigurationName = Release;
		};
		1589FC052D51782000240754 /* Build configuration list for PBXNativeTarget "Herfety" */ = {
			isa = XCConfigurationList;
			buildConfigurations = (
				1589FC062D51782000240754 /* Debug */,
				1589FC072D51782000240754 /* Release */,
			);
			defaultConfigurationIsVisible = 0;
			defaultConfigurationName = Release;
		};
/* End XCConfigurationList section */

/* Begin XCSwiftPackageProductDependency section */
		1589FC222D51818E00240754 /* Logger */ = {
			isa = XCSwiftPackageProductDependency;
			productName = Logger;
		};
		1589FC242D51818E00240754 /* UIHerfety */ = {
			isa = XCSwiftPackageProductDependency;
			productName = UIHerfety;
		};
/* End XCSwiftPackageProductDependency section */
	};
	rootObject = 1589FBEA2D51781D00240754 /* Project object */;
}
