// !$*UTF8*$!
{
	archiveVersion = 1;
	classes = {
	};
	objectVersion = 77;
	objects = {

/* Begin PBXBuildFile section */
		1511F3CB2D5554D100D986CF /* DMSans-Bold.ttf in Resources */ = {isa = PBXBuildFile; fileRef = 1511F3C62D5554D100D986CF /* DMSans-Bold.ttf */; };
		1511F3CC2D5554D100D986CF /* DMSans-Regular.ttf in Resources */ = {isa = PBXBuildFile; fileRef = 1511F3C82D5554D100D986CF /* DMSans-Regular.ttf */; };
		1511F3CD2D5554D100D986CF /* DMSans-Medium.ttf in Resources */ = {isa = PBXBuildFile; fileRef = 1511F3C72D5554D100D986CF /* DMSans-Medium.ttf */; };
		1511F3CE2D5554D100D986CF /* DMSans.ttf in Resources */ = {isa = PBXBuildFile; fileRef = 1511F3C52D5554D100D986CF /* DMSans.ttf */; };
		151631262D5D556D00BA088E /* Fonts+Style.swift in Sources */ = {isa = PBXBuildFile; fileRef = 151631252D5D556D00BA088E /* Fonts+Style.swift */; };
		151631282D5D55DB00BA088E /* UIButton+Style.swift in Sources */ = {isa = PBXBuildFile; fileRef = 151631272D5D55DB00BA088E /* UIButton+Style.swift */; };
		151631322D5D56CF00BA088E /* Generated-Colors.swift in Sources */ = {isa = PBXBuildFile; fileRef = 151631312D5D56CF00BA088E /* Generated-Colors.swift */; };
		15166A6F2D57AE1B00F8F35C /* CardItemCollectionViewSection.swift in Sources */ = {isa = PBXBuildFile; fileRef = 15166A6E2D57AE1A00F8F35C /* CardItemCollectionViewSection.swift */; };
		15166A712D581B6500F8F35C /* TopBrandsModel.swift in Sources */ = {isa = PBXBuildFile; fileRef = 15166A702D581B6500F8F35C /* TopBrandsModel.swift */; };
		15166A772D581C4100F8F35C /* TopBrandsCollectionViewCell.swift in Sources */ = {isa = PBXBuildFile; fileRef = 15166A752D581C4100F8F35C /* TopBrandsCollectionViewCell.swift */; };
		15166A782D581C4200F8F35C /* TopBrandsCollectionViewCell.xib in Resources */ = {isa = PBXBuildFile; fileRef = 15166A762D581C4100F8F35C /* TopBrandsCollectionViewCell.xib */; };
		15166A7A2D5823CF00F8F35C /* TopBrandsCollectionViewSection.swift in Sources */ = {isa = PBXBuildFile; fileRef = 15166A792D5823CF00F8F35C /* TopBrandsCollectionViewSection.swift */; };
		151DF4282D5BABF000A3AD98 /* PaymentView.xib in Resources */ = {isa = PBXBuildFile; fileRef = 151DF4272D5BABF000A3AD98 /* PaymentView.xib */; };
		151DF42C2D5BAC6000A3AD98 /* PaymentView.swift in Sources */ = {isa = PBXBuildFile; fileRef = 151DF42B2D5BAC6000A3AD98 /* PaymentView.swift */; };
		151DF42E2D5BD03B00A3AD98 /* OrderViewModel.swift in Sources */ = {isa = PBXBuildFile; fileRef = 151DF42D2D5BD03B00A3AD98 /* OrderViewModel.swift */; };
		151DF4302D5BD39200A3AD98 /* OrderModel.swift in Sources */ = {isa = PBXBuildFile; fileRef = 151DF42F2D5BD39200A3AD98 /* OrderModel.swift */; };
		151DF4322D5BDBDF00A3AD98 /* OrderCollectionViewSection.swift in Sources */ = {isa = PBXBuildFile; fileRef = 151DF4312D5BDBDF00A3AD98 /* OrderCollectionViewSection.swift */; };
		1532F3472D5E7DF2003223A1 /* InfoViewController.xib in Resources */ = {isa = PBXBuildFile; fileRef = 1532F3462D5E7DF2003223A1 /* InfoViewController.xib */; };
		1532F3482D5E7DF2003223A1 /* InfoViewController.swift in Sources */ = {isa = PBXBuildFile; fileRef = 1532F3452D5E7DF2003223A1 /* InfoViewController.swift */; };
		1532F34C2D5E876F003223A1 /* InfoShippingCollectionViewCell.xib in Resources */ = {isa = PBXBuildFile; fileRef = 1532F34B2D5E876F003223A1 /* InfoShippingCollectionViewCell.xib */; };
		1532F34D2D5E876F003223A1 /* InfoShippingCollectionViewCell.swift in Sources */ = {isa = PBXBuildFile; fileRef = 1532F34A2D5E876F003223A1 /* InfoShippingCollectionViewCell.swift */; };
		1532F34F2D5E8DF7003223A1 /* InfoCollectionViewSection.swift in Sources */ = {isa = PBXBuildFile; fileRef = 1532F34E2D5E8DF7003223A1 /* InfoCollectionViewSection.swift */; };
		1532F3512D5E8EB5003223A1 /* InfoViewModel.swift in Sources */ = {isa = PBXBuildFile; fileRef = 1532F3502D5E8EB5003223A1 /* InfoViewModel.swift */; };
		1532F3532D5E8EC1003223A1 /* InfoModel.swift in Sources */ = {isa = PBXBuildFile; fileRef = 1532F3522D5E8EC1003223A1 /* InfoModel.swift */; };
		1532F3572D5E9211003223A1 /* Generated-Images.swift in Sources */ = {isa = PBXBuildFile; fileRef = 1532F3562D5E9211003223A1 /* Generated-Images.swift */; };
		1532F3592D5EB297003223A1 /* ShippingNavBar.swift in Sources */ = {isa = PBXBuildFile; fileRef = 1532F3582D5EB297003223A1 /* ShippingNavBar.swift */; };
		153F6A942D58FBA800317F49 /* DailyEssentailCollectionViewSection.swift in Sources */ = {isa = PBXBuildFile; fileRef = 153F6A932D58FBA800317F49 /* DailyEssentailCollectionViewSection.swift */; };
		153F6A982D59157300317F49 /* HomeNavBar.swift in Sources */ = {isa = PBXBuildFile; fileRef = 153F6A972D59157300317F49 /* HomeNavBar.swift */; };
		153F6A9D2D59538100317F49 /* CustomeTabBarViewController.swift in Sources */ = {isa = PBXBuildFile; fileRef = 153F6A9C2D59538000317F49 /* CustomeTabBarViewController.swift */; };
		153F6AA12D5955E800317F49 /* WishListViewController.xib in Resources */ = {isa = PBXBuildFile; fileRef = 153F6AA02D5955E800317F49 /* WishListViewController.xib */; };
		153F6AA22D5955E800317F49 /* WishListViewController.swift in Sources */ = {isa = PBXBuildFile; fileRef = 153F6A9F2D5955E800317F49 /* WishListViewController.swift */; };
		153F6AA72D59562B00317F49 /* OrderViewController.xib in Resources */ = {isa = PBXBuildFile; fileRef = 153F6AA62D59562B00317F49 /* OrderViewController.xib */; };
		153F6AA82D59562B00317F49 /* OrderViewController.swift in Sources */ = {isa = PBXBuildFile; fileRef = 153F6AA52D59562B00317F49 /* OrderViewController.swift */; };
		153F6AAB2D59563F00317F49 /* ProfileViewController.xib in Resources */ = {isa = PBXBuildFile; fileRef = 153F6AAA2D59563F00317F49 /* ProfileViewController.xib */; };
		153F6AAC2D59563F00317F49 /* ProfileViewController.swift in Sources */ = {isa = PBXBuildFile; fileRef = 153F6AA92D59563F00317F49 /* ProfileViewController.swift */; };
		153F6AB12D597DF200317F49 /* WishlistCollectionViewCell.xib in Resources */ = {isa = PBXBuildFile; fileRef = 153F6AB02D597DF200317F49 /* WishlistCollectionViewCell.xib */; };
		153F6AB22D597DF200317F49 /* WishlistCollectionViewCell.swift in Sources */ = {isa = PBXBuildFile; fileRef = 153F6AAF2D597DF200317F49 /* WishlistCollectionViewCell.swift */; };
		154112122D56983400F248F7 /* HeaderView.swift in Sources */ = {isa = PBXBuildFile; fileRef = 154112102D56983400F248F7 /* HeaderView.swift */; };
		154112132D56983400F248F7 /* HeaderView.xib in Resources */ = {isa = PBXBuildFile; fileRef = 154112112D56983400F248F7 /* HeaderView.xib */; };
		154112152D56B23A00F248F7 /* CategoryCollectionViewSection.swift in Sources */ = {isa = PBXBuildFile; fileRef = 154112142D56B23A00F248F7 /* CategoryCollectionViewSection.swift */; };
		1548CF3E2D56DB6000F7CEEA /* CardOfProductCollectionViewCell.xib in Resources */ = {isa = PBXBuildFile; fileRef = 1548CF3D2D56DB6000F7CEEA /* CardOfProductCollectionViewCell.xib */; };
		1548CF3F2D56DB6000F7CEEA /* CardOfProductCollectionViewCell.swift in Sources */ = {isa = PBXBuildFile; fileRef = 1548CF3C2D56DB6000F7CEEA /* CardOfProductCollectionViewCell.swift */; };
		1548CF412D56DF4F00F7CEEA /* SliderModel.swift in Sources */ = {isa = PBXBuildFile; fileRef = 1548CF402D56DF4F00F7CEEA /* SliderModel.swift */; };
		1548CF432D56DFA900F7CEEA /* CategoriesModel.swift in Sources */ = {isa = PBXBuildFile; fileRef = 1548CF422D56DFA900F7CEEA /* CategoriesModel.swift */; };
		1548CF452D56DFF300F7CEEA /* CardOfProductModel.swift in Sources */ = {isa = PBXBuildFile; fileRef = 1548CF442D56DFF300F7CEEA /* CardOfProductModel.swift */; };
		1548CF472D56E07E00F7CEEA /* DailyEssentialyModel.swift in Sources */ = {isa = PBXBuildFile; fileRef = 1548CF462D56E07E00F7CEEA /* DailyEssentialyModel.swift */; };
		157E046F2D553F6E000170FC /* Colors.xcassets in Resources */ = {isa = PBXBuildFile; fileRef = 157E046E2D553F6E000170FC /* Colors.xcassets */; };
		157E04732D554242000170FC /* colors.stencil in Resources */ = {isa = PBXBuildFile; fileRef = 157E04722D554242000170FC /* colors.stencil */; };
		157E04762D554252000170FC /* images.stencil in Resources */ = {isa = PBXBuildFile; fileRef = 157E04752D554252000170FC /* images.stencil */; };
		157F91032D62B774005381FB /* AddAddressViewController.xib in Resources */ = {isa = PBXBuildFile; fileRef = 157F91022D62B774005381FB /* AddAddressViewController.xib */; };
		157F91042D62B774005381FB /* AddAddressViewController.swift in Sources */ = {isa = PBXBuildFile; fileRef = 157F91012D62B774005381FB /* AddAddressViewController.swift */; };
		157F910C2D62CA13005381FB /* AddressTextField.xib in Resources */ = {isa = PBXBuildFile; fileRef = 157F910B2D62CA13005381FB /* AddressTextField.xib */; };
		157F910E2D62CA26005381FB /* AddressTextField.swift in Sources */ = {isa = PBXBuildFile; fileRef = 157F910D2D62CA26005381FB /* AddressTextField.swift */; };
		157F91102D62CF4D005381FB /* AddAddressViewModel.swift in Sources */ = {isa = PBXBuildFile; fileRef = 157F910F2D62CF4D005381FB /* AddAddressViewModel.swift */; };
		157F91142D62CF5F005381FB /* AddAddressModel.swift in Sources */ = {isa = PBXBuildFile; fileRef = 157F91132D62CF5F005381FB /* AddAddressModel.swift */; };
		157F91182D62E804005381FB /* AlertViewController.xib in Resources */ = {isa = PBXBuildFile; fileRef = 157F91172D62E804005381FB /* AlertViewController.xib */; };
		157F91192D62E804005381FB /* AlertViewController.swift in Sources */ = {isa = PBXBuildFile; fileRef = 157F91162D62E804005381FB /* AlertViewController.swift */; };
		157F911B2D62EFFD005381FB /* AlertStatus.swift in Sources */ = {isa = PBXBuildFile; fileRef = 157F911A2D62EFFD005381FB /* AlertStatus.swift */; };
		15840BD52D5D7CAA006F8B67 /* HerfetyButton.swift in Sources */ = {isa = PBXBuildFile; fileRef = 15840BD42D5D7CAA006F8B67 /* HerfetyButton.swift */; };
		15840BD72D5D80F7006F8B67 /* PrimaryButton.swift in Sources */ = {isa = PBXBuildFile; fileRef = 15840BD62D5D80F7006F8B67 /* PrimaryButton.swift */; };
		1589FC142D51785700240754 /* Images.xcassets in Resources */ = {isa = PBXBuildFile; fileRef = 1589FC0B2D51785700240754 /* Images.xcassets */; };
		1589FC162D51785700240754 /* LaunchScreen.storyboard in Resources */ = {isa = PBXBuildFile; fileRef = 1589FC0E2D51785700240754 /* LaunchScreen.storyboard */; };
		1589FC182D51785700240754 /* AppDelegate.swift in Sources */ = {isa = PBXBuildFile; fileRef = 1589FC0A2D51785700240754 /* AppDelegate.swift */; };
		1589FC192D51785700240754 /* SceneDelegate.swift in Sources */ = {isa = PBXBuildFile; fileRef = 1589FC112D51785700240754 /* SceneDelegate.swift */; };
		1589FC1F2D51808600240754 /* HomeViewController.xib in Resources */ = {isa = PBXBuildFile; fileRef = 1589FC1E2D51808600240754 /* HomeViewController.xib */; };
		1589FC202D51808600240754 /* HomeViewController.swift in Sources */ = {isa = PBXBuildFile; fileRef = 1589FC1D2D51808600240754 /* HomeViewController.swift */; };
		15CD44AE2D52696B00E58C6F /* SliderImagesCollectionViewCell.xib in Resources */ = {isa = PBXBuildFile; fileRef = 15CD44AD2D52696B00E58C6F /* SliderImagesCollectionViewCell.xib */; };
		15CD44AF2D52696B00E58C6F /* SliderImagesCollectionViewCell.swift in Sources */ = {isa = PBXBuildFile; fileRef = 15CD44AC2D52696B00E58C6F /* SliderImagesCollectionViewCell.swift */; };
		15CD44B32D52716D00E58C6F /* CategoriesCollectionViewCell.xib in Resources */ = {isa = PBXBuildFile; fileRef = 15CD44B22D52716D00E58C6F /* CategoriesCollectionViewCell.xib */; };
		15CD44B42D52716D00E58C6F /* CategoriesCollectionViewCell.swift in Sources */ = {isa = PBXBuildFile; fileRef = 15CD44B12D52716D00E58C6F /* CategoriesCollectionViewCell.swift */; };
		15CD44BD2D5293AE00E58C6F /* DailyEssentailCollectionViewCell.xib in Resources */ = {isa = PBXBuildFile; fileRef = 15CD44BC2D5293AE00E58C6F /* DailyEssentailCollectionViewCell.xib */; };
		15CD44BE2D5293AE00E58C6F /* DailyEssentailCollectionViewCell.swift in Sources */ = {isa = PBXBuildFile; fileRef = 15CD44BB2D5293AE00E58C6F /* DailyEssentailCollectionViewCell.swift */; };
		15CD44C12D529B0300E58C6F /* SliderCollectionViewSection.swift in Sources */ = {isa = PBXBuildFile; fileRef = 15CD44C02D529B0300E58C6F /* SliderCollectionViewSection.swift */; };
		15CD44C32D52A10200E58C6F /* HomeModel.swift in Sources */ = {isa = PBXBuildFile; fileRef = 15CD44C22D52A10200E58C6F /* HomeModel.swift */; };
		15CD44C52D52A3BC00E58C6F /* HomeViewModel.swift in Sources */ = {isa = PBXBuildFile; fileRef = 15CD44C42D52A3BC00E58C6F /* HomeViewModel.swift */; };
		15CD44C72D52A73000E58C6F /* SectionsLayout.swift in Sources */ = {isa = PBXBuildFile; fileRef = 15CD44C62D52A72F00E58C6F /* SectionsLayout.swift */; };
		15F927C62D5A55BC0038CEB8 /* WishlistCollectionViewSection.swift in Sources */ = {isa = PBXBuildFile; fileRef = 15F927C52D5A55BC0038CEB8 /* WishlistCollectionViewSection.swift */; };
		15F927C82D5A56660038CEB8 /* WishlistModel.swift in Sources */ = {isa = PBXBuildFile; fileRef = 15F927C72D5A56660038CEB8 /* WishlistModel.swift */; };
		15F927CA2D5A86600038CEB8 /* WishListViewModel.swift in Sources */ = {isa = PBXBuildFile; fileRef = 15F927C92D5A86600038CEB8 /* WishListViewModel.swift */; };
		15F927CE2D5AC5E50038CEB8 /* OrderCollectionViewCell.xib in Resources */ = {isa = PBXBuildFile; fileRef = 15F927CD2D5AC5E50038CEB8 /* OrderCollectionViewCell.xib */; };
		15F927CF2D5AC5E50038CEB8 /* OrderCollectionViewCell.swift in Sources */ = {isa = PBXBuildFile; fileRef = 15F927CC2D5AC5E50038CEB8 /* OrderCollectionViewCell.swift */; };
/* End PBXBuildFile section */

/* Begin PBXFileReference section */
		1511F3C52D5554D100D986CF /* DMSans.ttf */ = {isa = PBXFileReference; lastKnownFileType = file; path = DMSans.ttf; sourceTree = "<group>"; };
		1511F3C62D5554D100D986CF /* DMSans-Bold.ttf */ = {isa = PBXFileReference; lastKnownFileType = file; path = "DMSans-Bold.ttf"; sourceTree = "<group>"; };
		1511F3C72D5554D100D986CF /* DMSans-Medium.ttf */ = {isa = PBXFileReference; lastKnownFileType = file; path = "DMSans-Medium.ttf"; sourceTree = "<group>"; };
		1511F3C82D5554D100D986CF /* DMSans-Regular.ttf */ = {isa = PBXFileReference; lastKnownFileType = file; path = "DMSans-Regular.ttf"; sourceTree = "<group>"; };
		151631252D5D556D00BA088E /* Fonts+Style.swift */ = {isa = PBXFileReference; lastKnownFileType = sourcecode.swift; path = "Fonts+Style.swift"; sourceTree = "<group>"; };
		151631272D5D55DB00BA088E /* UIButton+Style.swift */ = {isa = PBXFileReference; lastKnownFileType = sourcecode.swift; path = "UIButton+Style.swift"; sourceTree = "<group>"; };
		151631312D5D56CF00BA088E /* Generated-Colors.swift */ = {isa = PBXFileReference; lastKnownFileType = sourcecode.swift; path = "Generated-Colors.swift"; sourceTree = "<group>"; };
		15166A6E2D57AE1A00F8F35C /* CardItemCollectionViewSection.swift */ = {isa = PBXFileReference; lastKnownFileType = sourcecode.swift; path = CardItemCollectionViewSection.swift; sourceTree = "<group>"; };
		15166A702D581B6500F8F35C /* TopBrandsModel.swift */ = {isa = PBXFileReference; lastKnownFileType = sourcecode.swift; path = TopBrandsModel.swift; sourceTree = "<group>"; };
		15166A752D581C4100F8F35C /* TopBrandsCollectionViewCell.swift */ = {isa = PBXFileReference; lastKnownFileType = sourcecode.swift; path = TopBrandsCollectionViewCell.swift; sourceTree = "<group>"; };
		15166A762D581C4100F8F35C /* TopBrandsCollectionViewCell.xib */ = {isa = PBXFileReference; lastKnownFileType = file.xib; path = TopBrandsCollectionViewCell.xib; sourceTree = "<group>"; };
		15166A792D5823CF00F8F35C /* TopBrandsCollectionViewSection.swift */ = {isa = PBXFileReference; lastKnownFileType = sourcecode.swift; path = TopBrandsCollectionViewSection.swift; sourceTree = "<group>"; };
		151DF4272D5BABF000A3AD98 /* PaymentView.xib */ = {isa = PBXFileReference; lastKnownFileType = file.xib; path = PaymentView.xib; sourceTree = "<group>"; };
		151DF42B2D5BAC6000A3AD98 /* PaymentView.swift */ = {isa = PBXFileReference; lastKnownFileType = sourcecode.swift; path = PaymentView.swift; sourceTree = "<group>"; };
		151DF42D2D5BD03B00A3AD98 /* OrderViewModel.swift */ = {isa = PBXFileReference; lastKnownFileType = sourcecode.swift; path = OrderViewModel.swift; sourceTree = "<group>"; };
		151DF42F2D5BD39200A3AD98 /* OrderModel.swift */ = {isa = PBXFileReference; lastKnownFileType = sourcecode.swift; path = OrderModel.swift; sourceTree = "<group>"; };
		151DF4312D5BDBDF00A3AD98 /* OrderCollectionViewSection.swift */ = {isa = PBXFileReference; lastKnownFileType = sourcecode.swift; path = OrderCollectionViewSection.swift; sourceTree = "<group>"; };
		1532F3452D5E7DF2003223A1 /* InfoViewController.swift */ = {isa = PBXFileReference; lastKnownFileType = sourcecode.swift; path = InfoViewController.swift; sourceTree = "<group>"; };
		1532F3462D5E7DF2003223A1 /* InfoViewController.xib */ = {isa = PBXFileReference; lastKnownFileType = file.xib; path = InfoViewController.xib; sourceTree = "<group>"; };
		1532F34A2D5E876F003223A1 /* InfoShippingCollectionViewCell.swift */ = {isa = PBXFileReference; lastKnownFileType = sourcecode.swift; path = InfoShippingCollectionViewCell.swift; sourceTree = "<group>"; };
		1532F34B2D5E876F003223A1 /* InfoShippingCollectionViewCell.xib */ = {isa = PBXFileReference; lastKnownFileType = file.xib; path = InfoShippingCollectionViewCell.xib; sourceTree = "<group>"; };
		1532F34E2D5E8DF7003223A1 /* InfoCollectionViewSection.swift */ = {isa = PBXFileReference; lastKnownFileType = sourcecode.swift; path = InfoCollectionViewSection.swift; sourceTree = "<group>"; };
		1532F3502D5E8EB5003223A1 /* InfoViewModel.swift */ = {isa = PBXFileReference; lastKnownFileType = sourcecode.swift; path = InfoViewModel.swift; sourceTree = "<group>"; };
		1532F3522D5E8EC1003223A1 /* InfoModel.swift */ = {isa = PBXFileReference; lastKnownFileType = sourcecode.swift; path = InfoModel.swift; sourceTree = "<group>"; };
		1532F3562D5E9211003223A1 /* Generated-Images.swift */ = {isa = PBXFileReference; lastKnownFileType = sourcecode.swift; path = "Generated-Images.swift"; sourceTree = "<group>"; };
		1532F3582D5EB297003223A1 /* ShippingNavBar.swift */ = {isa = PBXFileReference; lastKnownFileType = sourcecode.swift; path = ShippingNavBar.swift; sourceTree = "<group>"; };
		153F6A932D58FBA800317F49 /* DailyEssentailCollectionViewSection.swift */ = {isa = PBXFileReference; lastKnownFileType = sourcecode.swift; path = DailyEssentailCollectionViewSection.swift; sourceTree = "<group>"; };
		153F6A972D59157300317F49 /* HomeNavBar.swift */ = {isa = PBXFileReference; lastKnownFileType = sourcecode.swift; path = HomeNavBar.swift; sourceTree = "<group>"; };
		153F6A9C2D59538000317F49 /* CustomeTabBarViewController.swift */ = {isa = PBXFileReference; lastKnownFileType = sourcecode.swift; path = CustomeTabBarViewController.swift; sourceTree = "<group>"; };
		153F6A9F2D5955E800317F49 /* WishListViewController.swift */ = {isa = PBXFileReference; lastKnownFileType = sourcecode.swift; path = WishListViewController.swift; sourceTree = "<group>"; };
		153F6AA02D5955E800317F49 /* WishListViewController.xib */ = {isa = PBXFileReference; lastKnownFileType = file.xib; path = WishListViewController.xib; sourceTree = "<group>"; };
		153F6AA52D59562B00317F49 /* OrderViewController.swift */ = {isa = PBXFileReference; lastKnownFileType = sourcecode.swift; path = OrderViewController.swift; sourceTree = "<group>"; };
		153F6AA62D59562B00317F49 /* OrderViewController.xib */ = {isa = PBXFileReference; lastKnownFileType = file.xib; path = OrderViewController.xib; sourceTree = "<group>"; };
		153F6AA92D59563F00317F49 /* ProfileViewController.swift */ = {isa = PBXFileReference; lastKnownFileType = sourcecode.swift; path = ProfileViewController.swift; sourceTree = "<group>"; };
		153F6AAA2D59563F00317F49 /* ProfileViewController.xib */ = {isa = PBXFileReference; lastKnownFileType = file.xib; path = ProfileViewController.xib; sourceTree = "<group>"; };
		153F6AAF2D597DF200317F49 /* WishlistCollectionViewCell.swift */ = {isa = PBXFileReference; lastKnownFileType = sourcecode.swift; path = WishlistCollectionViewCell.swift; sourceTree = "<group>"; };
		153F6AB02D597DF200317F49 /* WishlistCollectionViewCell.xib */ = {isa = PBXFileReference; lastKnownFileType = file.xib; path = WishlistCollectionViewCell.xib; sourceTree = "<group>"; };
		154112102D56983400F248F7 /* HeaderView.swift */ = {isa = PBXFileReference; lastKnownFileType = sourcecode.swift; path = HeaderView.swift; sourceTree = "<group>"; };
		154112112D56983400F248F7 /* HeaderView.xib */ = {isa = PBXFileReference; lastKnownFileType = file.xib; path = HeaderView.xib; sourceTree = "<group>"; };
		154112142D56B23A00F248F7 /* CategoryCollectionViewSection.swift */ = {isa = PBXFileReference; lastKnownFileType = sourcecode.swift; path = CategoryCollectionViewSection.swift; sourceTree = "<group>"; };
		1548CF3C2D56DB6000F7CEEA /* CardOfProductCollectionViewCell.swift */ = {isa = PBXFileReference; lastKnownFileType = sourcecode.swift; path = CardOfProductCollectionViewCell.swift; sourceTree = "<group>"; };
		1548CF3D2D56DB6000F7CEEA /* CardOfProductCollectionViewCell.xib */ = {isa = PBXFileReference; lastKnownFileType = file.xib; path = CardOfProductCollectionViewCell.xib; sourceTree = "<group>"; };
		1548CF402D56DF4F00F7CEEA /* SliderModel.swift */ = {isa = PBXFileReference; lastKnownFileType = sourcecode.swift; path = SliderModel.swift; sourceTree = "<group>"; };
		1548CF422D56DFA900F7CEEA /* CategoriesModel.swift */ = {isa = PBXFileReference; lastKnownFileType = sourcecode.swift; path = CategoriesModel.swift; sourceTree = "<group>"; };
		1548CF442D56DFF300F7CEEA /* CardOfProductModel.swift */ = {isa = PBXFileReference; lastKnownFileType = sourcecode.swift; path = CardOfProductModel.swift; sourceTree = "<group>"; };
		1548CF462D56E07E00F7CEEA /* DailyEssentialyModel.swift */ = {isa = PBXFileReference; lastKnownFileType = sourcecode.swift; path = DailyEssentialyModel.swift; sourceTree = "<group>"; };
		157E046E2D553F6E000170FC /* Colors.xcassets */ = {isa = PBXFileReference; lastKnownFileType = folder.assetcatalog; path = Colors.xcassets; sourceTree = "<group>"; };
		157E04722D554242000170FC /* colors.stencil */ = {isa = PBXFileReference; lastKnownFileType = text; path = colors.stencil; sourceTree = "<group>"; };
		157E04752D554252000170FC /* images.stencil */ = {isa = PBXFileReference; lastKnownFileType = text; path = images.stencil; sourceTree = "<group>"; };
		157F91012D62B774005381FB /* AddAddressViewController.swift */ = {isa = PBXFileReference; lastKnownFileType = sourcecode.swift; path = AddAddressViewController.swift; sourceTree = "<group>"; };
		157F91022D62B774005381FB /* AddAddressViewController.xib */ = {isa = PBXFileReference; lastKnownFileType = file.xib; path = AddAddressViewController.xib; sourceTree = "<group>"; };
		157F910B2D62CA13005381FB /* AddressTextField.xib */ = {isa = PBXFileReference; lastKnownFileType = file.xib; path = AddressTextField.xib; sourceTree = "<group>"; };
		157F910D2D62CA26005381FB /* AddressTextField.swift */ = {isa = PBXFileReference; lastKnownFileType = sourcecode.swift; path = AddressTextField.swift; sourceTree = "<group>"; };
		157F910F2D62CF4D005381FB /* AddAddressViewModel.swift */ = {isa = PBXFileReference; lastKnownFileType = sourcecode.swift; path = AddAddressViewModel.swift; sourceTree = "<group>"; };
		157F91132D62CF5F005381FB /* AddAddressModel.swift */ = {isa = PBXFileReference; lastKnownFileType = sourcecode.swift; path = AddAddressModel.swift; sourceTree = "<group>"; };
		157F91162D62E804005381FB /* AlertViewController.swift */ = {isa = PBXFileReference; lastKnownFileType = sourcecode.swift; path = AlertViewController.swift; sourceTree = "<group>"; };
		157F91172D62E804005381FB /* AlertViewController.xib */ = {isa = PBXFileReference; lastKnownFileType = file.xib; path = AlertViewController.xib; sourceTree = "<group>"; };
		157F911A2D62EFFD005381FB /* AlertStatus.swift */ = {isa = PBXFileReference; lastKnownFileType = sourcecode.swift; name = AlertStatus.swift; path = /Users/mahmoudalaa/Documents/AlertStatus.swift; sourceTree = "<absolute>"; };
		15840BD42D5D7CAA006F8B67 /* HerfetyButton.swift */ = {isa = PBXFileReference; lastKnownFileType = sourcecode.swift; path = HerfetyButton.swift; sourceTree = "<group>"; };
		15840BD62D5D80F7006F8B67 /* PrimaryButton.swift */ = {isa = PBXFileReference; lastKnownFileType = sourcecode.swift; path = PrimaryButton.swift; sourceTree = "<group>"; };
		1589FBF22D51781D00240754 /* Herfety.app */ = {isa = PBXFileReference; explicitFileType = wrapper.application; includeInIndex = 0; path = Herfety.app; sourceTree = BUILT_PRODUCTS_DIR; };
		1589FC0A2D51785700240754 /* AppDelegate.swift */ = {isa = PBXFileReference; lastKnownFileType = sourcecode.swift; path = AppDelegate.swift; sourceTree = "<group>"; };
		1589FC0B2D51785700240754 /* Images.xcassets */ = {isa = PBXFileReference; lastKnownFileType = folder.assetcatalog; path = Images.xcassets; sourceTree = "<group>"; };
		1589FC0C2D51785700240754 /* Info.plist */ = {isa = PBXFileReference; lastKnownFileType = text.plist.xml; path = Info.plist; sourceTree = "<group>"; };
		1589FC0D2D51785700240754 /* Base */ = {isa = PBXFileReference; lastKnownFileType = file.storyboard; name = Base; path = Base.lproj/LaunchScreen.storyboard; sourceTree = "<group>"; };
		1589FC112D51785700240754 /* SceneDelegate.swift */ = {isa = PBXFileReference; lastKnownFileType = sourcecode.swift; path = SceneDelegate.swift; sourceTree = "<group>"; };
		1589FC1D2D51808600240754 /* HomeViewController.swift */ = {isa = PBXFileReference; lastKnownFileType = sourcecode.swift; path = HomeViewController.swift; sourceTree = "<group>"; };
		1589FC1E2D51808600240754 /* HomeViewController.xib */ = {isa = PBXFileReference; lastKnownFileType = file.xib; path = HomeViewController.xib; sourceTree = "<group>"; };
		15CD44AC2D52696B00E58C6F /* SliderImagesCollectionViewCell.swift */ = {isa = PBXFileReference; lastKnownFileType = sourcecode.swift; path = SliderImagesCollectionViewCell.swift; sourceTree = "<group>"; };
		15CD44AD2D52696B00E58C6F /* SliderImagesCollectionViewCell.xib */ = {isa = PBXFileReference; lastKnownFileType = file.xib; path = SliderImagesCollectionViewCell.xib; sourceTree = "<group>"; };
		15CD44B12D52716D00E58C6F /* CategoriesCollectionViewCell.swift */ = {isa = PBXFileReference; lastKnownFileType = sourcecode.swift; path = CategoriesCollectionViewCell.swift; sourceTree = "<group>"; };
		15CD44B22D52716D00E58C6F /* CategoriesCollectionViewCell.xib */ = {isa = PBXFileReference; lastKnownFileType = file.xib; path = CategoriesCollectionViewCell.xib; sourceTree = "<group>"; };
		15CD44BB2D5293AE00E58C6F /* DailyEssentailCollectionViewCell.swift */ = {isa = PBXFileReference; lastKnownFileType = sourcecode.swift; path = DailyEssentailCollectionViewCell.swift; sourceTree = "<group>"; };
		15CD44BC2D5293AE00E58C6F /* DailyEssentailCollectionViewCell.xib */ = {isa = PBXFileReference; lastKnownFileType = file.xib; path = DailyEssentailCollectionViewCell.xib; sourceTree = "<group>"; };
		15CD44C02D529B0300E58C6F /* SliderCollectionViewSection.swift */ = {isa = PBXFileReference; lastKnownFileType = sourcecode.swift; path = SliderCollectionViewSection.swift; sourceTree = "<group>"; };
		15CD44C22D52A10200E58C6F /* HomeModel.swift */ = {isa = PBXFileReference; lastKnownFileType = sourcecode.swift; path = HomeModel.swift; sourceTree = "<group>"; };
		15CD44C42D52A3BC00E58C6F /* HomeViewModel.swift */ = {isa = PBXFileReference; lastKnownFileType = sourcecode.swift; path = HomeViewModel.swift; sourceTree = "<group>"; };
		15CD44C62D52A72F00E58C6F /* SectionsLayout.swift */ = {isa = PBXFileReference; lastKnownFileType = sourcecode.swift; path = SectionsLayout.swift; sourceTree = "<group>"; };
		15F927C52D5A55BC0038CEB8 /* WishlistCollectionViewSection.swift */ = {isa = PBXFileReference; lastKnownFileType = sourcecode.swift; path = WishlistCollectionViewSection.swift; sourceTree = "<group>"; };
		15F927C72D5A56660038CEB8 /* WishlistModel.swift */ = {isa = PBXFileReference; lastKnownFileType = sourcecode.swift; path = WishlistModel.swift; sourceTree = "<group>"; };
		15F927C92D5A86600038CEB8 /* WishListViewModel.swift */ = {isa = PBXFileReference; lastKnownFileType = sourcecode.swift; path = WishListViewModel.swift; sourceTree = "<group>"; };
		15F927CC2D5AC5E50038CEB8 /* OrderCollectionViewCell.swift */ = {isa = PBXFileReference; lastKnownFileType = sourcecode.swift; path = OrderCollectionViewCell.swift; sourceTree = "<group>"; };
		15F927CD2D5AC5E50038CEB8 /* OrderCollectionViewCell.xib */ = {isa = PBXFileReference; lastKnownFileType = file.xib; path = OrderCollectionViewCell.xib; sourceTree = "<group>"; };
/* End PBXFileReference section */

/* Begin PBXFrameworksBuildPhase section */
		1589FBEF2D51781D00240754 /* Frameworks */ = {
			isa = PBXFrameworksBuildPhase;
			buildActionMask = 2147483647;
			files = (
			);
			runOnlyForDeploymentPostprocessing = 0;
		};
/* End PBXFrameworksBuildPhase section */

/* Begin PBXGroup section */
		1511F3C92D5554D100D986CF /* DM-Sans */ = {
			isa = PBXGroup;
			children = (
				1511F3C52D5554D100D986CF /* DMSans.ttf */,
				1511F3C62D5554D100D986CF /* DMSans-Bold.ttf */,
				1511F3C72D5554D100D986CF /* DMSans-Medium.ttf */,
				1511F3C82D5554D100D986CF /* DMSans-Regular.ttf */,
			);
			path = "DM-Sans";
			sourceTree = "<group>";
		};
		1511F3CA2D5554D100D986CF /* Fonts */ = {
			isa = PBXGroup;
			children = (
				1511F3C92D5554D100D986CF /* DM-Sans */,
				151631252D5D556D00BA088E /* Fonts+Style.swift */,
			);
			path = Fonts;
			sourceTree = "<group>";
		};
		151631232D5D54DB00BA088E /* LaunchScreen */ = {
			isa = PBXGroup;
			children = (
				1589FC0E2D51785700240754 /* LaunchScreen.storyboard */,
			);
			path = LaunchScreen;
			sourceTree = "<group>";
		};
		151631242D5D553200BA088E /* Generated */ = {
			isa = PBXGroup;
			children = (
				151631312D5D56CF00BA088E /* Generated-Colors.swift */,
				1532F3562D5E9211003223A1 /* Generated-Images.swift */,
			);
			path = Generated;
			sourceTree = "<group>";
		};
		151631342D5D63DD00BA088E /* PaymentView */ = {
			isa = PBXGroup;
			children = (
				151DF4272D5BABF000A3AD98 /* PaymentView.xib */,
				151DF42B2D5BAC6000A3AD98 /* PaymentView.swift */,
			);
			path = PaymentView;
			sourceTree = "<group>";
		};
		15166A722D581B7000F8F35C /* TopBrands */ = {
			isa = PBXGroup;
			children = (
				15166A702D581B6500F8F35C /* TopBrandsModel.swift */,
				15166A792D5823CF00F8F35C /* TopBrandsCollectionViewSection.swift */,
				15166A752D581C4100F8F35C /* TopBrandsCollectionViewCell.swift */,
				15166A762D581C4100F8F35C /* TopBrandsCollectionViewCell.xib */,
			);
			path = TopBrands;
			sourceTree = "<group>";
		};
		151DF4262D5BAB3000A3AD98 /* CustomViews */ = {
			isa = PBXGroup;
			children = (
				157F91152D62E7CC005381FB /* Alert */,
				15840BD32D5D7C4F006F8B67 /* Buttons */,
				151631342D5D63DD00BA088E /* PaymentView */,
				157F91062D62B9DC005381FB /* AddressTextField */,
			);
			path = CustomViews;
			sourceTree = "<group>";
		};
		1532F3442D5E7DA7003223A1 /* Info */ = {
			isa = PBXGroup;
			children = (
				1532F3522D5E8EC1003223A1 /* InfoModel.swift */,
				1532F3502D5E8EB5003223A1 /* InfoViewModel.swift */,
				1532F34E2D5E8DF7003223A1 /* InfoCollectionViewSection.swift */,
				1532F3452D5E7DF2003223A1 /* InfoViewController.swift */,
				1532F3462D5E7DF2003223A1 /* InfoViewController.xib */,
				1532F3492D5E86BC003223A1 /* Cell */,
			);
			path = Info;
			sourceTree = "<group>";
		};
		1532F3492D5E86BC003223A1 /* Cell */ = {
			isa = PBXGroup;
			children = (
				1532F34A2D5E876F003223A1 /* InfoShippingCollectionViewCell.swift */,
				1532F34B2D5E876F003223A1 /* InfoShippingCollectionViewCell.xib */,
			);
			path = Cell;
			sourceTree = "<group>";
		};
		153F6A992D59527200317F49 /* TabBar */ = {
			isa = PBXGroup;
			children = (
				153F6A9C2D59538000317F49 /* CustomeTabBarViewController.swift */,
			);
			path = TabBar;
			sourceTree = "<group>";
		};
		153F6A9E2D5955AB00317F49 /* WishList */ = {
			isa = PBXGroup;
			children = (
				15F927C72D5A56660038CEB8 /* WishlistModel.swift */,
				15F927C92D5A86600038CEB8 /* WishListViewModel.swift */,
				15F927C52D5A55BC0038CEB8 /* WishlistCollectionViewSection.swift */,
				153F6A9F2D5955E800317F49 /* WishListViewController.swift */,
				153F6AA02D5955E800317F49 /* WishListViewController.xib */,
				153F6AAE2D597DB600317F49 /* Cell */,
			);
			path = WishList;
			sourceTree = "<group>";
		};
		153F6AA32D59560800317F49 /* Cart */ = {
			isa = PBXGroup;
			children = (
				151DF42F2D5BD39200A3AD98 /* OrderModel.swift */,
				151DF42D2D5BD03B00A3AD98 /* OrderViewModel.swift */,
				151DF4312D5BDBDF00A3AD98 /* OrderCollectionViewSection.swift */,
				153F6AA52D59562B00317F49 /* OrderViewController.swift */,
				153F6AA62D59562B00317F49 /* OrderViewController.xib */,
				15F927CB2D5AC5C00038CEB8 /* Cell */,
			);
			path = Cart;
			sourceTree = "<group>";
		};
		153F6AA42D59561600317F49 /* Profile */ = {
			isa = PBXGroup;
			children = (
				153F6AA92D59563F00317F49 /* ProfileViewController.swift */,
				153F6AAA2D59563F00317F49 /* ProfileViewController.xib */,
			);
			path = Profile;
			sourceTree = "<group>";
		};
		153F6AAD2D597C9B00317F49 /* NavBar */ = {
			isa = PBXGroup;
			children = (
				153F6A972D59157300317F49 /* HomeNavBar.swift */,
				1532F3582D5EB297003223A1 /* ShippingNavBar.swift */,
			);
			path = NavBar;
			sourceTree = "<group>";
		};
		153F6AAE2D597DB600317F49 /* Cell */ = {
			isa = PBXGroup;
			children = (
				153F6AAF2D597DF200317F49 /* WishlistCollectionViewCell.swift */,
				153F6AB02D597DF200317F49 /* WishlistCollectionViewCell.xib */,
			);
			path = Cell;
			sourceTree = "<group>";
		};
		154112002D5654D500F248F7 /* SupplementaryView */ = {
			isa = PBXGroup;
			children = (
				154112102D56983400F248F7 /* HeaderView.swift */,
				154112112D56983400F248F7 /* HeaderView.xib */,
			);
			path = SupplementaryView;
			sourceTree = "<group>";
		};
		157E04702D554200000170FC /* SwiftGen */ = {
			isa = PBXGroup;
			children = (
				151631272D5D55DB00BA088E /* UIButton+Style.swift */,
				157E04712D554213000170FC /* Colors */,
				157E04742D55424A000170FC /* Images */,
				151631242D5D553200BA088E /* Generated */,
			);
			path = SwiftGen;
			sourceTree = "<group>";
		};
		157E04712D554213000170FC /* Colors */ = {
			isa = PBXGroup;
			children = (
				157E046E2D553F6E000170FC /* Colors.xcassets */,
				157E04722D554242000170FC /* colors.stencil */,
			);
			path = Colors;
			sourceTree = "<group>";
		};
		157E04742D55424A000170FC /* Images */ = {
			isa = PBXGroup;
			children = (
				1589FC0B2D51785700240754 /* Images.xcassets */,
				157E04752D554252000170FC /* images.stencil */,
			);
			path = Images;
			sourceTree = "<group>";
		};
		157F91052D62B780005381FB /* AddAdress */ = {
			isa = PBXGroup;
			children = (
				157F91132D62CF5F005381FB /* AddAddressModel.swift */,
				157F910F2D62CF4D005381FB /* AddAddressViewModel.swift */,
				157F91012D62B774005381FB /* AddAddressViewController.swift */,
				157F91022D62B774005381FB /* AddAddressViewController.xib */,
			);
			path = AddAdress;
			sourceTree = "<group>";
		};
		157F91062D62B9DC005381FB /* AddressTextField */ = {
			isa = PBXGroup;
			children = (
				157F910B2D62CA13005381FB /* AddressTextField.xib */,
				157F910D2D62CA26005381FB /* AddressTextField.swift */,
			);
			path = AddressTextField;
			sourceTree = "<group>";
		};
		157F91152D62E7CC005381FB /* Alert */ = {
			isa = PBXGroup;
			children = (
				157F91162D62E804005381FB /* AlertViewController.swift */,
				157F91172D62E804005381FB /* AlertViewController.xib */,
				157F911A2D62EFFD005381FB /* AlertStatus.swift */,
			);
			path = Alert;
			sourceTree = "<group>";
		};
		15840BD22D5D7C26006F8B67 /* Utilities */ = {
			isa = PBXGroup;
			children = (
				151DF4262D5BAB3000A3AD98 /* CustomViews */,
			);
			path = Utilities;
			sourceTree = "<group>";
		};
		15840BD32D5D7C4F006F8B67 /* Buttons */ = {
			isa = PBXGroup;
			children = (
				15840BD42D5D7CAA006F8B67 /* HerfetyButton.swift */,
				15840BD62D5D80F7006F8B67 /* PrimaryButton.swift */,
			);
			path = Buttons;
			sourceTree = "<group>";
		};
		1589FBE92D51781D00240754 = {
			isa = PBXGroup;
			children = (
				1589FC132D51785700240754 /* Herfety */,
				1589FC1B2D51801900240754 /* Resources */,
				1589FC212D51818E00240754 /* Frameworks */,
				1589FBF32D51781D00240754 /* Products */,
			);
			sourceTree = "<group>";
		};
		1589FBF32D51781D00240754 /* Products */ = {
			isa = PBXGroup;
			children = (
				1589FBF22D51781D00240754 /* Herfety.app */,
			);
			name = Products;
			sourceTree = "<group>";
		};
		1589FC132D51785700240754 /* Herfety */ = {
			isa = PBXGroup;
			children = (
				15840BD22D5D7C26006F8B67 /* Utilities */,
				1589FC1C2D51802300240754 /* Scene */,
				1589FC0A2D51785700240754 /* AppDelegate.swift */,
				1589FC112D51785700240754 /* SceneDelegate.swift */,
				1589FC0C2D51785700240754 /* Info.plist */,
			);
			path = Herfety;
			sourceTree = "<group>";
		};
		1589FC1B2D51801900240754 /* Resources */ = {
			isa = PBXGroup;
			children = (
				157E04702D554200000170FC /* SwiftGen */,
				1511F3CA2D5554D100D986CF /* Fonts */,
				151631232D5D54DB00BA088E /* LaunchScreen */,
			);
			path = Resources;
			sourceTree = "<group>";
		};
		1589FC1C2D51802300240754 /* Scene */ = {
			isa = PBXGroup;
			children = (
				153F6AAD2D597C9B00317F49 /* NavBar */,
				153F6A992D59527200317F49 /* TabBar */,
				15CD44AA2D5268F800E58C6F /* Home */,
				153F6A9E2D5955AB00317F49 /* WishList */,
				153F6AA32D59560800317F49 /* Cart */,
				1532F3442D5E7DA7003223A1 /* Info */,
				157F91052D62B780005381FB /* AddAdress */,
				153F6AA42D59561600317F49 /* Profile */,
			);
			path = Scene;
			sourceTree = "<group>";
		};
		1589FC212D51818E00240754 /* Frameworks */ = {
			isa = PBXGroup;
			children = (
			);
			name = Frameworks;
			sourceTree = "<group>";
		};
		1589FC2B2D51934800240754 /* CardItem */ = {
			isa = PBXGroup;
			children = (
				1548CF442D56DFF300F7CEEA /* CardOfProductModel.swift */,
				15166A6E2D57AE1A00F8F35C /* CardItemCollectionViewSection.swift */,
				1548CF3C2D56DB6000F7CEEA /* CardOfProductCollectionViewCell.swift */,
				1548CF3D2D56DB6000F7CEEA /* CardOfProductCollectionViewCell.xib */,
			);
			path = CardItem;
			sourceTree = "<group>";
		};
		15CD44AA2D5268F800E58C6F /* Home */ = {
			isa = PBXGroup;
			children = (
				15CD44BF2D529A4000E58C6F /* Sections */,
				15CD44C22D52A10200E58C6F /* HomeModel.swift */,
				15CD44C42D52A3BC00E58C6F /* HomeViewModel.swift */,
				1589FC1D2D51808600240754 /* HomeViewController.swift */,
				1589FC1E2D51808600240754 /* HomeViewController.xib */,
				15CD44C62D52A72F00E58C6F /* SectionsLayout.swift */,
			);
			path = Home;
			sourceTree = "<group>";
		};
		15CD44AB2D52691200E58C6F /* SliderImages */ = {
			isa = PBXGroup;
			children = (
				1548CF402D56DF4F00F7CEEA /* SliderModel.swift */,
				15CD44C02D529B0300E58C6F /* SliderCollectionViewSection.swift */,
				15CD44AC2D52696B00E58C6F /* SliderImagesCollectionViewCell.swift */,
				15CD44AD2D52696B00E58C6F /* SliderImagesCollectionViewCell.xib */,
			);
			path = SliderImages;
			sourceTree = "<group>";
		};
		15CD44B02D52714300E58C6F /* Categories */ = {
			isa = PBXGroup;
			children = (
				1548CF422D56DFA900F7CEEA /* CategoriesModel.swift */,
				154112142D56B23A00F248F7 /* CategoryCollectionViewSection.swift */,
				15CD44B12D52716D00E58C6F /* CategoriesCollectionViewCell.swift */,
				15CD44B22D52716D00E58C6F /* CategoriesCollectionViewCell.xib */,
			);
			path = Categories;
			sourceTree = "<group>";
		};
		15CD44BA2D52938A00E58C6F /* DailyEssential */ = {
			isa = PBXGroup;
			children = (
				1548CF462D56E07E00F7CEEA /* DailyEssentialyModel.swift */,
				153F6A932D58FBA800317F49 /* DailyEssentailCollectionViewSection.swift */,
				15CD44BB2D5293AE00E58C6F /* DailyEssentailCollectionViewCell.swift */,
				15CD44BC2D5293AE00E58C6F /* DailyEssentailCollectionViewCell.xib */,
			);
			path = DailyEssential;
			sourceTree = "<group>";
		};
		15CD44BF2D529A4000E58C6F /* Sections */ = {
			isa = PBXGroup;
			children = (
				15CD44AB2D52691200E58C6F /* SliderImages */,
				15CD44B02D52714300E58C6F /* Categories */,
				1589FC2B2D51934800240754 /* CardItem */,
				15166A722D581B7000F8F35C /* TopBrands */,
				15CD44BA2D52938A00E58C6F /* DailyEssential */,
				154112002D5654D500F248F7 /* SupplementaryView */,
			);
			path = Sections;
			sourceTree = "<group>";
		};
		15F927CB2D5AC5C00038CEB8 /* Cell */ = {
			isa = PBXGroup;
			children = (
				15F927CC2D5AC5E50038CEB8 /* OrderCollectionViewCell.swift */,
				15F927CD2D5AC5E50038CEB8 /* OrderCollectionViewCell.xib */,
			);
			path = Cell;
			sourceTree = "<group>";
		};
/* End PBXGroup section */

/* Begin PBXNativeTarget section */
		1589FBF12D51781D00240754 /* Herfety */ = {
			isa = PBXNativeTarget;
			buildConfigurationList = 1589FC052D51782000240754 /* Build configuration list for PBXNativeTarget "Herfety" */;
			buildPhases = (
				1589FBEE2D51781D00240754 /* Sources */,
				1589FBEF2D51781D00240754 /* Frameworks */,
				1589FBF02D51781D00240754 /* Resources */,
			);
			buildRules = (
			);
			dependencies = (
			);
			name = Herfety;
			packageProductDependencies = (
			);
			productName = Herfety;
			productReference = 1589FBF22D51781D00240754 /* Herfety.app */;
			productType = "com.apple.product-type.application";
		};
/* End PBXNativeTarget section */

/* Begin PBXProject section */
		1589FBEA2D51781D00240754 /* Project object */ = {
			isa = PBXProject;
			attributes = {
				BuildIndependentTargetsInParallel = 1;
				LastSwiftUpdateCheck = 1620;
				LastUpgradeCheck = 1620;
				TargetAttributes = {
					1589FBF12D51781D00240754 = {
						CreatedOnToolsVersion = 16.2;
					};
				};
			};
			buildConfigurationList = 1589FBED2D51781D00240754 /* Build configuration list for PBXProject "Herfety" */;
			developmentRegion = en;
			hasScannedForEncodings = 0;
			knownRegions = (
				en,
				Base,
			);
			mainGroup = 1589FBE92D51781D00240754;
			minimizedProjectReferenceProxies = 1;
			preferredProjectObjectVersion = 77;
			productRefGroup = 1589FBF32D51781D00240754 /* Products */;
			projectDirPath = "";
			projectRoot = "";
			targets = (
				1589FBF12D51781D00240754 /* Herfety */,
			);
		};
/* End PBXProject section */

/* Begin PBXResourcesBuildPhase section */
		1589FBF02D51781D00240754 /* Resources */ = {
			isa = PBXResourcesBuildPhase;
			buildActionMask = 2147483647;
			files = (
				153F6AAB2D59563F00317F49 /* ProfileViewController.xib in Resources */,
				15CD44BD2D5293AE00E58C6F /* DailyEssentailCollectionViewCell.xib in Resources */,
				157F910C2D62CA13005381FB /* AddressTextField.xib in Resources */,
				15CD44AE2D52696B00E58C6F /* SliderImagesCollectionViewCell.xib in Resources */,
				1589FC142D51785700240754 /* Images.xcassets in Resources */,
				15166A782D581C4200F8F35C /* TopBrandsCollectionViewCell.xib in Resources */,
				1548CF3E2D56DB6000F7CEEA /* CardOfProductCollectionViewCell.xib in Resources */,
				1511F3CB2D5554D100D986CF /* DMSans-Bold.ttf in Resources */,
				1511F3CC2D5554D100D986CF /* DMSans-Regular.ttf in Resources */,
				1532F34C2D5E876F003223A1 /* InfoShippingCollectionViewCell.xib in Resources */,
				1532F3472D5E7DF2003223A1 /* InfoViewController.xib in Resources */,
				157F91182D62E804005381FB /* AlertViewController.xib in Resources */,
				151DF4282D5BABF000A3AD98 /* PaymentView.xib in Resources */,
				153F6AA72D59562B00317F49 /* OrderViewController.xib in Resources */,
				1511F3CD2D5554D100D986CF /* DMSans-Medium.ttf in Resources */,
				1511F3CE2D5554D100D986CF /* DMSans.ttf in Resources */,
				157E04732D554242000170FC /* colors.stencil in Resources */,
				1589FC162D51785700240754 /* LaunchScreen.storyboard in Resources */,
				15CD44B32D52716D00E58C6F /* CategoriesCollectionViewCell.xib in Resources */,
				153F6AA12D5955E800317F49 /* WishListViewController.xib in Resources */,
				157E04762D554252000170FC /* images.stencil in Resources */,
				153F6AB12D597DF200317F49 /* WishlistCollectionViewCell.xib in Resources */,
				157E046F2D553F6E000170FC /* Colors.xcassets in Resources */,
				157F91032D62B774005381FB /* AddAddressViewController.xib in Resources */,
				154112132D56983400F248F7 /* HeaderView.xib in Resources */,
				15F927CE2D5AC5E50038CEB8 /* OrderCollectionViewCell.xib in Resources */,
				1589FC1F2D51808600240754 /* HomeViewController.xib in Resources */,
			);
			runOnlyForDeploymentPostprocessing = 0;
		};
/* End PBXResourcesBuildPhase section */

/* Begin PBXSourcesBuildPhase section */
		1589FBEE2D51781D00240754 /* Sources */ = {
			isa = PBXSourcesBuildPhase;
			buildActionMask = 2147483647;
			files = (
				1589FC182D51785700240754 /* AppDelegate.swift in Sources */,
				15CD44C52D52A3BC00E58C6F /* HomeViewModel.swift in Sources */,
				15CD44B42D52716D00E58C6F /* CategoriesCollectionViewCell.swift in Sources */,
				151DF42E2D5BD03B00A3AD98 /* OrderViewModel.swift in Sources */,
				151631262D5D556D00BA088E /* Fonts+Style.swift in Sources */,
				15840BD52D5D7CAA006F8B67 /* HerfetyButton.swift in Sources */,
				151DF42C2D5BAC6000A3AD98 /* PaymentView.swift in Sources */,
				1548CF432D56DFA900F7CEEA /* CategoriesModel.swift in Sources */,
				157F910E2D62CA26005381FB /* AddressTextField.swift in Sources */,
				157F91192D62E804005381FB /* AlertViewController.swift in Sources */,
				1589FC192D51785700240754 /* SceneDelegate.swift in Sources */,
				15166A712D581B6500F8F35C /* TopBrandsModel.swift in Sources */,
				15166A772D581C4100F8F35C /* TopBrandsCollectionViewCell.swift in Sources */,
				1532F34F2D5E8DF7003223A1 /* InfoCollectionViewSection.swift in Sources */,
				157F911B2D62EFFD005381FB /* AlertStatus.swift in Sources */,
				153F6A9D2D59538100317F49 /* CustomeTabBarViewController.swift in Sources */,
				151DF4322D5BDBDF00A3AD98 /* OrderCollectionViewSection.swift in Sources */,
				1532F3482D5E7DF2003223A1 /* InfoViewController.swift in Sources */,
				15CD44C12D529B0300E58C6F /* SliderCollectionViewSection.swift in Sources */,
				15F927C62D5A55BC0038CEB8 /* WishlistCollectionViewSection.swift in Sources */,
				1532F34D2D5E876F003223A1 /* InfoShippingCollectionViewCell.swift in Sources */,
				1548CF3F2D56DB6000F7CEEA /* CardOfProductCollectionViewCell.swift in Sources */,
				15F927CA2D5A86600038CEB8 /* WishListViewModel.swift in Sources */,
				1548CF452D56DFF300F7CEEA /* CardOfProductModel.swift in Sources */,
				15840BD72D5D80F7006F8B67 /* PrimaryButton.swift in Sources */,
				1589FC202D51808600240754 /* HomeViewController.swift in Sources */,
				153F6AAC2D59563F00317F49 /* ProfileViewController.swift in Sources */,
				153F6AB22D597DF200317F49 /* WishlistCollectionViewCell.swift in Sources */,
				15166A7A2D5823CF00F8F35C /* TopBrandsCollectionViewSection.swift in Sources */,
				154112122D56983400F248F7 /* HeaderView.swift in Sources */,
				1532F3592D5EB297003223A1 /* ShippingNavBar.swift in Sources */,
				153F6AA82D59562B00317F49 /* OrderViewController.swift in Sources */,
				151631322D5D56CF00BA088E /* Generated-Colors.swift in Sources */,
				153F6AA22D5955E800317F49 /* WishListViewController.swift in Sources */,
				1548CF412D56DF4F00F7CEEA /* SliderModel.swift in Sources */,
				15F927C82D5A56660038CEB8 /* WishlistModel.swift in Sources */,
				15CD44BE2D5293AE00E58C6F /* DailyEssentailCollectionViewCell.swift in Sources */,
				15F927CF2D5AC5E50038CEB8 /* OrderCollectionViewCell.swift in Sources */,
				15CD44C32D52A10200E58C6F /* HomeModel.swift in Sources */,
				154112152D56B23A00F248F7 /* CategoryCollectionViewSection.swift in Sources */,
				15CD44C72D52A73000E58C6F /* SectionsLayout.swift in Sources */,
				15166A6F2D57AE1B00F8F35C /* CardItemCollectionViewSection.swift in Sources */,
				153F6A942D58FBA800317F49 /* DailyEssentailCollectionViewSection.swift in Sources */,
				151631282D5D55DB00BA088E /* UIButton+Style.swift in Sources */,
				1532F3532D5E8EC1003223A1 /* InfoModel.swift in Sources */,
				1532F3512D5E8EB5003223A1 /* InfoViewModel.swift in Sources */,
				1532F3572D5E9211003223A1 /* Generated-Images.swift in Sources */,
				153F6A982D59157300317F49 /* HomeNavBar.swift in Sources */,
				1548CF472D56E07E00F7CEEA /* DailyEssentialyModel.swift in Sources */,
				157F91102D62CF4D005381FB /* AddAddressViewModel.swift in Sources */,
				157F91142D62CF5F005381FB /* AddAddressModel.swift in Sources */,
				151DF4302D5BD39200A3AD98 /* OrderModel.swift in Sources */,
				15CD44AF2D52696B00E58C6F /* SliderImagesCollectionViewCell.swift in Sources */,
				157F91042D62B774005381FB /* AddAddressViewController.swift in Sources */,
			);
			runOnlyForDeploymentPostprocessing = 0;
		};
/* End PBXSourcesBuildPhase section */

/* Begin PBXVariantGroup section */
		1589FC0E2D51785700240754 /* LaunchScreen.storyboard */ = {
			isa = PBXVariantGroup;
			children = (
				1589FC0D2D51785700240754 /* Base */,
			);
			name = LaunchScreen.storyboard;
			sourceTree = "<group>";
		};
/* End PBXVariantGroup section */

/* Begin XCBuildConfiguration section */
		1589FC062D51782000240754 /* Debug */ = {
			isa = XCBuildConfiguration;
			buildSettings = {
				ASSETCATALOG_COMPILER_APPICON_NAME = AppIcon;
				ASSETCATALOG_COMPILER_GLOBAL_ACCENT_COLOR_NAME = AccentColor;
				CODE_SIGN_STYLE = Automatic;
				CURRENT_PROJECT_VERSION = 1;
				GENERATE_INFOPLIST_FILE = YES;
				INFOPLIST_FILE = Herfety/Info.plist;
				INFOPLIST_KEY_UIApplicationSupportsIndirectInputEvents = YES;
				INFOPLIST_KEY_UILaunchStoryboardName = LaunchScreen;
				INFOPLIST_KEY_UISupportedInterfaceOrientations_iPad = "UIInterfaceOrientationPortrait UIInterfaceOrientationPortraitUpsideDown UIInterfaceOrientationLandscapeLeft UIInterfaceOrientationLandscapeRight";
				INFOPLIST_KEY_UISupportedInterfaceOrientations_iPhone = "UIInterfaceOrientationPortrait UIInterfaceOrientationLandscapeLeft UIInterfaceOrientationLandscapeRight";
				IPHONEOS_DEPLOYMENT_TARGET = 15.0;
				LD_RUNPATH_SEARCH_PATHS = (
					"$(inherited)",
					"@executable_path/Frameworks",
				);
				MARKETING_VERSION = 1.0;
				PRODUCT_BUNDLE_IDENTIFIER = com.MahmoudAlaa.Herfety;
				PRODUCT_NAME = "$(TARGET_NAME)";
				SWIFT_EMIT_LOC_STRINGS = YES;
				SWIFT_VERSION = 5.0;
				TARGETED_DEVICE_FAMILY = "1,2";
			};
			name = Debug;
		};
		1589FC072D51782000240754 /* Release */ = {
			isa = XCBuildConfiguration;
			buildSettings = {
				ASSETCATALOG_COMPILER_APPICON_NAME = AppIcon;
				ASSETCATALOG_COMPILER_GLOBAL_ACCENT_COLOR_NAME = AccentColor;
				CODE_SIGN_STYLE = Automatic;
				CURRENT_PROJECT_VERSION = 1;
				GENERATE_INFOPLIST_FILE = YES;
				INFOPLIST_FILE = Herfety/Info.plist;
				INFOPLIST_KEY_UIApplicationSupportsIndirectInputEvents = YES;
				INFOPLIST_KEY_UILaunchStoryboardName = LaunchScreen;
				INFOPLIST_KEY_UISupportedInterfaceOrientations_iPad = "UIInterfaceOrientationPortrait UIInterfaceOrientationPortraitUpsideDown UIInterfaceOrientationLandscapeLeft UIInterfaceOrientationLandscapeRight";
				INFOPLIST_KEY_UISupportedInterfaceOrientations_iPhone = "UIInterfaceOrientationPortrait UIInterfaceOrientationLandscapeLeft UIInterfaceOrientationLandscapeRight";
				IPHONEOS_DEPLOYMENT_TARGET = 15.0;
				LD_RUNPATH_SEARCH_PATHS = (
					"$(inherited)",
					"@executable_path/Frameworks",
				);
				MARKETING_VERSION = 1.0;
				PRODUCT_BUNDLE_IDENTIFIER = com.MahmoudAlaa.Herfety;
				PRODUCT_NAME = "$(TARGET_NAME)";
				SWIFT_EMIT_LOC_STRINGS = YES;
				SWIFT_VERSION = 5.0;
				TARGETED_DEVICE_FAMILY = "1,2";
			};
			name = Release;
		};
		1589FC082D51782000240754 /* Debug */ = {
			isa = XCBuildConfiguration;
			buildSettings = {
				ALWAYS_SEARCH_USER_PATHS = NO;
				ASSETCATALOG_COMPILER_GENERATE_SWIFT_ASSET_SYMBOL_EXTENSIONS = YES;
				CLANG_ANALYZER_NONNULL = YES;
				CLANG_ANALYZER_NUMBER_OBJECT_CONVERSION = YES_AGGRESSIVE;
				CLANG_CXX_LANGUAGE_STANDARD = "gnu++20";
				CLANG_ENABLE_MODULES = YES;
				CLANG_ENABLE_OBJC_ARC = YES;
				CLANG_ENABLE_OBJC_WEAK = YES;
				CLANG_WARN_BLOCK_CAPTURE_AUTORELEASING = YES;
				CLANG_WARN_BOOL_CONVERSION = YES;
				CLANG_WARN_COMMA = YES;
				CLANG_WARN_CONSTANT_CONVERSION = YES;
				CLANG_WARN_DEPRECATED_OBJC_IMPLEMENTATIONS = YES;
				CLANG_WARN_DIRECT_OBJC_ISA_USAGE = YES_ERROR;
				CLANG_WARN_DOCUMENTATION_COMMENTS = YES;
				CLANG_WARN_EMPTY_BODY = YES;
				CLANG_WARN_ENUM_CONVERSION = YES;
				CLANG_WARN_INFINITE_RECURSION = YES;
				CLANG_WARN_INT_CONVERSION = YES;
				CLANG_WARN_NON_LITERAL_NULL_CONVERSION = YES;
				CLANG_WARN_OBJC_IMPLICIT_RETAIN_SELF = YES;
				CLANG_WARN_OBJC_LITERAL_CONVERSION = YES;
				CLANG_WARN_OBJC_ROOT_CLASS = YES_ERROR;
				CLANG_WARN_QUOTED_INCLUDE_IN_FRAMEWORK_HEADER = YES;
				CLANG_WARN_RANGE_LOOP_ANALYSIS = YES;
				CLANG_WARN_STRICT_PROTOTYPES = YES;
				CLANG_WARN_SUSPICIOUS_MOVE = YES;
				CLANG_WARN_UNGUARDED_AVAILABILITY = YES_AGGRESSIVE;
				CLANG_WARN_UNREACHABLE_CODE = YES;
				CLANG_WARN__DUPLICATE_METHOD_MATCH = YES;
				COPY_PHASE_STRIP = NO;
				DEBUG_INFORMATION_FORMAT = dwarf;
				ENABLE_STRICT_OBJC_MSGSEND = YES;
				ENABLE_TESTABILITY = YES;
				ENABLE_USER_SCRIPT_SANDBOXING = YES;
				GCC_C_LANGUAGE_STANDARD = gnu17;
				GCC_DYNAMIC_NO_PIC = NO;
				GCC_NO_COMMON_BLOCKS = YES;
				GCC_OPTIMIZATION_LEVEL = 0;
				GCC_PREPROCESSOR_DEFINITIONS = (
					"DEBUG=1",
					"$(inherited)",
				);
				GCC_WARN_64_TO_32_BIT_CONVERSION = YES;
				GCC_WARN_ABOUT_RETURN_TYPE = YES_ERROR;
				GCC_WARN_UNDECLARED_SELECTOR = YES;
				GCC_WARN_UNINITIALIZED_AUTOS = YES_AGGRESSIVE;
				GCC_WARN_UNUSED_FUNCTION = YES;
				GCC_WARN_UNUSED_VARIABLE = YES;
				IPHONEOS_DEPLOYMENT_TARGET = 15.6;
				LOCALIZATION_PREFERS_STRING_CATALOGS = YES;
				MTL_ENABLE_DEBUG_INFO = INCLUDE_SOURCE;
				MTL_FAST_MATH = YES;
				ONLY_ACTIVE_ARCH = YES;
				SDKROOT = iphoneos;
				SWIFT_ACTIVE_COMPILATION_CONDITIONS = "DEBUG $(inherited)";
				SWIFT_OPTIMIZATION_LEVEL = "-Onone";
			};
			name = Debug;
		};
		1589FC092D51782000240754 /* Release */ = {
			isa = XCBuildConfiguration;
			buildSettings = {
				ALWAYS_SEARCH_USER_PATHS = NO;
				ASSETCATALOG_COMPILER_GENERATE_SWIFT_ASSET_SYMBOL_EXTENSIONS = YES;
				CLANG_ANALYZER_NONNULL = YES;
				CLANG_ANALYZER_NUMBER_OBJECT_CONVERSION = YES_AGGRESSIVE;
				CLANG_CXX_LANGUAGE_STANDARD = "gnu++20";
				CLANG_ENABLE_MODULES = YES;
				CLANG_ENABLE_OBJC_ARC = YES;
				CLANG_ENABLE_OBJC_WEAK = YES;
				CLANG_WARN_BLOCK_CAPTURE_AUTORELEASING = YES;
				CLANG_WARN_BOOL_CONVERSION = YES;
				CLANG_WARN_COMMA = YES;
				CLANG_WARN_CONSTANT_CONVERSION = YES;
				CLANG_WARN_DEPRECATED_OBJC_IMPLEMENTATIONS = YES;
				CLANG_WARN_DIRECT_OBJC_ISA_USAGE = YES_ERROR;
				CLANG_WARN_DOCUMENTATION_COMMENTS = YES;
				CLANG_WARN_EMPTY_BODY = YES;
				CLANG_WARN_ENUM_CONVERSION = YES;
				CLANG_WARN_INFINITE_RECURSION = YES;
				CLANG_WARN_INT_CONVERSION = YES;
				CLANG_WARN_NON_LITERAL_NULL_CONVERSION = YES;
				CLANG_WARN_OBJC_IMPLICIT_RETAIN_SELF = YES;
				CLANG_WARN_OBJC_LITERAL_CONVERSION = YES;
				CLANG_WARN_OBJC_ROOT_CLASS = YES_ERROR;
				CLANG_WARN_QUOTED_INCLUDE_IN_FRAMEWORK_HEADER = YES;
				CLANG_WARN_RANGE_LOOP_ANALYSIS = YES;
				CLANG_WARN_STRICT_PROTOTYPES = YES;
				CLANG_WARN_SUSPICIOUS_MOVE = YES;
				CLANG_WARN_UNGUARDED_AVAILABILITY = YES_AGGRESSIVE;
				CLANG_WARN_UNREACHABLE_CODE = YES;
				CLANG_WARN__DUPLICATE_METHOD_MATCH = YES;
				COPY_PHASE_STRIP = NO;
				DEBUG_INFORMATION_FORMAT = "dwarf-with-dsym";
				ENABLE_NS_ASSERTIONS = NO;
				ENABLE_STRICT_OBJC_MSGSEND = YES;
				ENABLE_USER_SCRIPT_SANDBOXING = YES;
				GCC_C_LANGUAGE_STANDARD = gnu17;
				GCC_NO_COMMON_BLOCKS = YES;
				GCC_WARN_64_TO_32_BIT_CONVERSION = YES;
				GCC_WARN_ABOUT_RETURN_TYPE = YES_ERROR;
				GCC_WARN_UNDECLARED_SELECTOR = YES;
				GCC_WARN_UNINITIALIZED_AUTOS = YES_AGGRESSIVE;
				GCC_WARN_UNUSED_FUNCTION = YES;
				GCC_WARN_UNUSED_VARIABLE = YES;
				IPHONEOS_DEPLOYMENT_TARGET = 15.6;
				LOCALIZATION_PREFERS_STRING_CATALOGS = YES;
				MTL_ENABLE_DEBUG_INFO = NO;
				MTL_FAST_MATH = YES;
				SDKROOT = iphoneos;
				SWIFT_COMPILATION_MODE = wholemodule;
				VALIDATE_PRODUCT = YES;
			};
			name = Release;
		};
/* End XCBuildConfiguration section */

/* Begin XCConfigurationList section */
		1589FBED2D51781D00240754 /* Build configuration list for PBXProject "Herfety" */ = {
			isa = XCConfigurationList;
			buildConfigurations = (
				1589FC082D51782000240754 /* Debug */,
				1589FC092D51782000240754 /* Release */,
			);
			defaultConfigurationIsVisible = 0;
			defaultConfigurationName = Release;
		};
		1589FC052D51782000240754 /* Build configuration list for PBXNativeTarget "Herfety" */ = {
			isa = XCConfigurationList;
			buildConfigurations = (
				1589FC062D51782000240754 /* Debug */,
				1589FC072D51782000240754 /* Release */,
			);
			defaultConfigurationIsVisible = 0;
			defaultConfigurationName = Release;
		};
/* End XCConfigurationList section */
	};
	rootObject = 1589FBEA2D51781D00240754 /* Project object */;
}
