// !$*UTF8*$!
{
	archiveVersion = 1;
	classes = {
	};
	objectVersion = 77;
	objects = {

/* Begin PBXBuildFile section */
		1589FC142D51785700240754 /* Assets.xcassets in Resources */ = {isa = PBXBuildFile; fileRef = 1589FC0B2D51785700240754 /* Assets.xcassets */; };
		1589FC162D51785700240754 /* LaunchScreen.storyboard in Resources */ = {isa = PBXBuildFile; fileRef = 1589FC0E2D51785700240754 /* LaunchScreen.storyboard */; };
		1589FC172D51785700240754 /* Main.storyboard in Resources */ = {isa = PBXBuildFile; fileRef = 1589FC102D51785700240754 /* Main.storyboard */; };
		1589FC182D51785700240754 /* AppDelegate.swift in Sources */ = {isa = PBXBuildFile; fileRef = 1589FC0A2D51785700240754 /* AppDelegate.swift */; };
		1589FC192D51785700240754 /* SceneDelegate.swift in Sources */ = {isa = PBXBuildFile; fileRef = 1589FC112D51785700240754 /* SceneDelegate.swift */; };
		1589FC1A2D51785700240754 /* ViewController.swift in Sources */ = {isa = PBXBuildFile; fileRef = 1589FC122D51785700240754 /* ViewController.swift */; };
		1589FC1F2D51808600240754 /* HomeViewController.xib in Resources */ = {isa = PBXBuildFile; fileRef = 1589FC1E2D51808600240754 /* HomeViewController.xib */; };
		1589FC202D51808600240754 /* HomeViewController.swift in Sources */ = {isa = PBXBuildFile; fileRef = 1589FC1D2D51808600240754 /* HomeViewController.swift */; };
		1589FC232D51818E00240754 /* Logger in Frameworks */ = {isa = PBXBuildFile; productRef = 1589FC222D51818E00240754 /* Logger */; };
		1589FC252D51818E00240754 /* UIHerfety in Frameworks */ = {isa = PBXBuildFile; productRef = 1589FC242D51818E00240754 /* UIHerfety */; };
		1589FC292D51929D00240754 /* CardOfProduct.xib in Resources */ = {isa = PBXBuildFile; fileRef = 1589FC272D51929D00240754 /* CardOfProduct.xib */; };
		1589FC2A2D51929D00240754 /* CardOfProduct.swift in Sources */ = {isa = PBXBuildFile; fileRef = 1589FC262D51929D00240754 /* CardOfProduct.swift */; };
/* End PBXBuildFile section */

/* Begin PBXFileReference section */
		1589FBF22D51781D00240754 /* Herfety.app */ = {isa = PBXFileReference; explicitFileType = wrapper.application; includeInIndex = 0; path = Herfety.app; sourceTree = BUILT_PRODUCTS_DIR; };
		1589FC0A2D51785700240754 /* AppDelegate.swift */ = {isa = PBXFileReference; lastKnownFileType = sourcecode.swift; path = AppDelegate.swift; sourceTree = "<group>"; };
		1589FC0B2D51785700240754 /* Assets.xcassets */ = {isa = PBXFileReference; lastKnownFileType = folder.assetcatalog; path = Assets.xcassets; sourceTree = "<group>"; };
		1589FC0C2D51785700240754 /* Info.plist */ = {isa = PBXFileReference; lastKnownFileType = text.plist.xml; path = Info.plist; sourceTree = "<group>"; };
		1589FC0D2D51785700240754 /* Base */ = {isa = PBXFileReference; lastKnownFileType = file.storyboard; name = Base; path = Base.lproj/LaunchScreen.storyboard; sourceTree = "<group>"; };
		1589FC0F2D51785700240754 /* Base */ = {isa = PBXFileReference; lastKnownFileType = file.storyboard; name = Base; path = Base.lproj/Main.storyboard; sourceTree = "<group>"; };
		1589FC112D51785700240754 /* SceneDelegate.swift */ = {isa = PBXFileReference; lastKnownFileType = sourcecode.swift; path = SceneDelegate.swift; sourceTree = "<group>"; };
		1589FC122D51785700240754 /* ViewController.swift */ = {isa = PBXFileReference; lastKnownFileType = sourcecode.swift; path = ViewController.swift; sourceTree = "<group>"; };
		1589FC1D2D51808600240754 /* HomeViewController.swift */ = {isa = PBXFileReference; lastKnownFileType = sourcecode.swift; path = HomeViewController.swift; sourceTree = "<group>"; };
		1589FC1E2D51808600240754 /* HomeViewController.xib */ = {isa = PBXFileReference; lastKnownFileType = file.xib; path = HomeViewController.xib; sourceTree = "<group>"; };
		1589FC262D51929D00240754 /* CardOfProduct.swift */ = {isa = PBXFileReference; lastKnownFileType = sourcecode.swift; path = CardOfProduct.swift; sourceTree = "<group>"; };
		1589FC272D51929D00240754 /* CardOfProduct.xib */ = {isa = PBXFileReference; lastKnownFileType = file.xib; path = CardOfProduct.xib; sourceTree = "<group>"; };
/* End PBXFileReference section */

/* Begin PBXFrameworksBuildPhase section */
		1589FBEF2D51781D00240754 /* Frameworks */ = {
			isa = PBXFrameworksBuildPhase;
			buildActionMask = 2147483647;
			files = (
				1589FC252D51818E00240754 /* UIHerfety in Frameworks */,
				1589FC232D51818E00240754 /* Logger in Frameworks */,
			);
			runOnlyForDeploymentPostprocessing = 0;
		};
/* End PBXFrameworksBuildPhase section */

/* Begin PBXGroup section */
		1589FBE92D51781D00240754 = {
			isa = PBXGroup;
			children = (
				1589FC132D51785700240754 /* Herfety */,
				1589FC212D51818E00240754 /* Frameworks */,
				1589FBF32D51781D00240754 /* Products */,
			);
			sourceTree = "<group>";
		};
		1589FBF32D51781D00240754 /* Products */ = {
			isa = PBXGroup;
			children = (
				1589FBF22D51781D00240754 /* Herfety.app */,
			);
			name = Products;
			sourceTree = "<group>";
		};
		1589FC132D51785700240754 /* Herfety */ = {
			isa = PBXGroup;
			children = (
				1589FC1C2D51802300240754 /* Scene */,
				1589FC1B2D51801900240754 /* Resourses */,
				1589FC0A2D51785700240754 /* AppDelegate.swift */,
				1589FC0B2D51785700240754 /* Assets.xcassets */,
				1589FC0C2D51785700240754 /* Info.plist */,
				1589FC0E2D51785700240754 /* LaunchScreen.storyboard */,
				1589FC102D51785700240754 /* Main.storyboard */,
				1589FC112D51785700240754 /* SceneDelegate.swift */,
				1589FC122D51785700240754 /* ViewController.swift */,
			);
			path = Herfety;
			sourceTree = "<group>";
		};
		1589FC1B2D51801900240754 /* Resourses */ = {
			isa = PBXGroup;
			children = (
			);
			path = Resourses;
			sourceTree = "<group>";
		};
		1589FC1C2D51802300240754 /* Scene */ = {
			isa = PBXGroup;
			children = (
				1589FC282D51929D00240754 /* CustomViews */,
				1589FC1D2D51808600240754 /* HomeViewController.swift */,
				1589FC1E2D51808600240754 /* HomeViewController.xib */,
			);
			path = Scene;
			sourceTree = "<group>";
		};
		1589FC212D51818E00240754 /* Frameworks */ = {
			isa = PBXGroup;
			children = (
			);
			name = Frameworks;
			sourceTree = "<group>";
		};
		1589FC282D51929D00240754 /* CustomViews */ = {
			isa = PBXGroup;
			children = (
				1589FC2B2D51934800240754 /* CardItem */,
			);
			path = CustomViews;
			sourceTree = "<group>";
		};
		1589FC2B2D51934800240754 /* CardItem */ = {
			isa = PBXGroup;
			children = (
				1589FC262D51929D00240754 /* CardOfProduct.swift */,
				1589FC272D51929D00240754 /* CardOfProduct.xib */,
			);
			path = CardItem;
			sourceTree = "<group>";
		};
/* End PBXGroup section */

/* Begin PBXNativeTarget section */
		1589FBF12D51781D00240754 /* Herfety */ = {
			isa = PBXNativeTarget;
			buildConfigurationList = 1589FC052D51782000240754 /* Build configuration list for PBXNativeTarget "Herfety" */;
			buildPhases = (
				1589FBEE2D51781D00240754 /* Sources */,
				1589FBEF2D51781D00240754 /* Frameworks */,
				1589FBF02D51781D00240754 /* Resources */,
			);
			buildRules = (
			);
			dependencies = (
			);
			name = Herfety;
			packageProductDependencies = (
				1589FC222D51818E00240754 /* Logger */,
				1589FC242D51818E00240754 /* UIHerfety */,
			);
			productName = Herfety;
			productReference = 1589FBF22D51781D00240754 /* Herfety.app */;
			productType = "com.apple.product-type.application";
		};
/* End PBXNativeTarget section */

/* Begin PBXProject section */
		1589FBEA2D51781D00240754 /* Project object */ = {
			isa = PBXProject;
			attributes = {
				BuildIndependentTargetsInParallel = 1;
				LastSwiftUpdateCheck = 1620;
				LastUpgradeCheck = 1620;
				TargetAttributes = {
					1589FBF12D51781D00240754 = {
						CreatedOnToolsVersion = 16.2;
					};
				};
			};
			buildConfigurationList = 1589FBED2D51781D00240754 /* Build configuration list for PBXProject "Herfety" */;
			developmentRegion = en;
			hasScannedForEncodings = 0;
			knownRegions = (
				en,
				Base,
			);
			mainGroup = 1589FBE92D51781D00240754;
			minimizedProjectReferenceProxies = 1;
			preferredProjectObjectVersion = 77;
			productRefGroup = 1589FBF32D51781D00240754 /* Products */;
			projectDirPath = "";
			projectRoot = "";
			targets = (
				1589FBF12D51781D00240754 /* Herfety */,
			);
		};
/* End PBXProject section */

/* Begin PBXResourcesBuildPhase section */
		1589FBF02D51781D00240754 /* Resources */ = {
			isa = PBXResourcesBuildPhase;
			buildActionMask = 2147483647;
			files = (
				1589FC292D51929D00240754 /* CardOfProduct.xib in Resources */,
				1589FC142D51785700240754 /* Assets.xcassets in Resources */,
				1589FC162D51785700240754 /* LaunchScreen.storyboard in Resources */,
				1589FC172D51785700240754 /* Main.storyboard in Resources */,
				1589FC1F2D51808600240754 /* HomeViewController.xib in Resources */,
			);
			runOnlyForDeploymentPostprocessing = 0;
		};
/* End PBXResourcesBuildPhase section */

/* Begin PBXSourcesBuildPhase section */
		1589FBEE2D51781D00240754 /* Sources */ = {
			isa = PBXSourcesBuildPhase;
			buildActionMask = 2147483647;
			files = (
				1589FC182D51785700240754 /* AppDelegate.swift in Sources */,
				1589FC192D51785700240754 /* SceneDelegate.swift in Sources */,
				1589FC1A2D51785700240754 /* ViewController.swift in Sources */,
				1589FC202D51808600240754 /* HomeViewController.swift in Sources */,
				1589FC2A2D51929D00240754 /* CardOfProduct.swift in Sources */,
			);
			runOnlyForDeploymentPostprocessing = 0;
		};
/* End PBXSourcesBuildPhase section */

/* Begin PBXVariantGroup section */
		1589FC0E2D51785700240754 /* LaunchScreen.storyboard */ = {
			isa = PBXVariantGroup;
			children = (
				1589FC0D2D51785700240754 /* Base */,
			);
			name = LaunchScreen.storyboard;
			sourceTree = "<group>";
		};
		1589FC102D51785700240754 /* Main.storyboard */ = {
			isa = PBXVariantGroup;
			children = (
				1589FC0F2D51785700240754 /* Base */,
			);
			name = Main.storyboard;
			sourceTree = "<group>";
		};
/* End PBXVariantGroup section */

/* Begin XCBuildConfiguration section */
		1589FC062D51782000240754 /* Debug */ = {
			isa = XCBuildConfiguration;
			buildSettings = {
				ASSETCATALOG_COMPILER_APPICON_NAME = AppIcon;
				ASSETCATALOG_COMPILER_GLOBAL_ACCENT_COLOR_NAME = AccentColor;
				CODE_SIGN_STYLE = Automatic;
				CURRENT_PROJECT_VERSION = 1;
				GENERATE_INFOPLIST_FILE = YES;
				INFOPLIST_FILE = Herfety/Info.plist;
				INFOPLIST_KEY_UIApplicationSupportsIndirectInputEvents = YES;
				INFOPLIST_KEY_UILaunchStoryboardName = LaunchScreen;
				INFOPLIST_KEY_UIMainStoryboardFile = Main;
				INFOPLIST_KEY_UISupportedInterfaceOrientations_iPad = "UIInterfaceOrientationPortrait UIInterfaceOrientationPortraitUpsideDown UIInterfaceOrientationLandscapeLeft UIInterfaceOrientationLandscapeRight";
				INFOPLIST_KEY_UISupportedInterfaceOrientations_iPhone = "UIInterfaceOrientationPortrait UIInterfaceOrientationLandscapeLeft UIInterfaceOrientationLandscapeRight";
				IPHONEOS_DEPLOYMENT_TARGET = 15.0;
				LD_RUNPATH_SEARCH_PATHS = (
					"$(inherited)",
					"@executable_path/Frameworks",
				);
				MARKETING_VERSION = 1.0;
				PRODUCT_BUNDLE_IDENTIFIER = com.MahmoudAlaa.Herfety;
				PRODUCT_NAME = "$(TARGET_NAME)";
				SWIFT_EMIT_LOC_STRINGS = YES;
				SWIFT_VERSION = 5.0;
				TARGETED_DEVICE_FAMILY = "1,2";
			};
			name = Debug;
		};
		1589FC072D51782000240754 /* Release */ = {
			isa = XCBuildConfiguration;
			buildSettings = {
				ASSETCATALOG_COMPILER_APPICON_NAME = AppIcon;
				ASSETCATALOG_COMPILER_GLOBAL_ACCENT_COLOR_NAME = AccentColor;
				CODE_SIGN_STYLE = Automatic;
				CURRENT_PROJECT_VERSION = 1;
				GENERATE_INFOPLIST_FILE = YES;
				INFOPLIST_FILE = Herfety/Info.plist;
				INFOPLIST_KEY_UIApplicationSupportsIndirectInputEvents = YES;
				INFOPLIST_KEY_UILaunchStoryboardName = LaunchScreen;
				INFOPLIST_KEY_UIMainStoryboardFile = Main;
				INFOPLIST_KEY_UISupportedInterfaceOrientations_iPad = "UIInterfaceOrientationPortrait UIInterfaceOrientationPortraitUpsideDown UIInterfaceOrientationLandscapeLeft UIInterfaceOrientationLandscapeRight";
				INFOPLIST_KEY_UISupportedInterfaceOrientations_iPhone = "UIInterfaceOrientationPortrait UIInterfaceOrientationLandscapeLeft UIInterfaceOrientationLandscapeRight";
				IPHONEOS_DEPLOYMENT_TARGET = 15.0;
				LD_RUNPATH_SEARCH_PATHS = (
					"$(inherited)",
					"@executable_path/Frameworks",
				);
				MARKETING_VERSION = 1.0;
				PRODUCT_BUNDLE_IDENTIFIER = com.MahmoudAlaa.Herfety;
				PRODUCT_NAME = "$(TARGET_NAME)";
				SWIFT_EMIT_LOC_STRINGS = YES;
				SWIFT_VERSION = 5.0;
				TARGETED_DEVICE_FAMILY = "1,2";
			};
			name = Release;
		};
		1589FC082D51782000240754 /* Debug */ = {
			isa = XCBuildConfiguration;
			buildSettings = {
				ALWAYS_SEARCH_USER_PATHS = NO;
				ASSETCATALOG_COMPILER_GENERATE_SWIFT_ASSET_SYMBOL_EXTENSIONS = YES;
				CLANG_ANALYZER_NONNULL = YES;
				CLANG_ANALYZER_NUMBER_OBJECT_CONVERSION = YES_AGGRESSIVE;
				CLANG_CXX_LANGUAGE_STANDARD = "gnu++20";
				CLANG_ENABLE_MODULES = YES;
				CLANG_ENABLE_OBJC_ARC = YES;
				CLANG_ENABLE_OBJC_WEAK = YES;
				CLANG_WARN_BLOCK_CAPTURE_AUTORELEASING = YES;
				CLANG_WARN_BOOL_CONVERSION = YES;
				CLANG_WARN_COMMA = YES;
				CLANG_WARN_CONSTANT_CONVERSION = YES;
				CLANG_WARN_DEPRECATED_OBJC_IMPLEMENTATIONS = YES;
				CLANG_WARN_DIRECT_OBJC_ISA_USAGE = YES_ERROR;
				CLANG_WARN_DOCUMENTATION_COMMENTS = YES;
				CLANG_WARN_EMPTY_BODY = YES;
				CLANG_WARN_ENUM_CONVERSION = YES;
				CLANG_WARN_INFINITE_RECURSION = YES;
				CLANG_WARN_INT_CONVERSION = YES;
				CLANG_WARN_NON_LITERAL_NULL_CONVERSION = YES;
				CLANG_WARN_OBJC_IMPLICIT_RETAIN_SELF = YES;
				CLANG_WARN_OBJC_LITERAL_CONVERSION = YES;
				CLANG_WARN_OBJC_ROOT_CLASS = YES_ERROR;
				CLANG_WARN_QUOTED_INCLUDE_IN_FRAMEWORK_HEADER = YES;
				CLANG_WARN_RANGE_LOOP_ANALYSIS = YES;
				CLANG_WARN_STRICT_PROTOTYPES = YES;
				CLANG_WARN_SUSPICIOUS_MOVE = YES;
				CLANG_WARN_UNGUARDED_AVAILABILITY = YES_AGGRESSIVE;
				CLANG_WARN_UNREACHABLE_CODE = YES;
				CLANG_WARN__DUPLICATE_METHOD_MATCH = YES;
				COPY_PHASE_STRIP = NO;
				DEBUG_INFORMATION_FORMAT = dwarf;
				ENABLE_STRICT_OBJC_MSGSEND = YES;
				ENABLE_TESTABILITY = YES;
				ENABLE_USER_SCRIPT_SANDBOXING = YES;
				GCC_C_LANGUAGE_STANDARD = gnu17;
				GCC_DYNAMIC_NO_PIC = NO;
				GCC_NO_COMMON_BLOCKS = YES;
				GCC_OPTIMIZATION_LEVEL = 0;
				GCC_PREPROCESSOR_DEFINITIONS = (
					"DEBUG=1",
					"$(inherited)",
				);
				GCC_WARN_64_TO_32_BIT_CONVERSION = YES;
				GCC_WARN_ABOUT_RETURN_TYPE = YES_ERROR;
				GCC_WARN_UNDECLARED_SELECTOR = YES;
				GCC_WARN_UNINITIALIZED_AUTOS = YES_AGGRESSIVE;
				GCC_WARN_UNUSED_FUNCTION = YES;
				GCC_WARN_UNUSED_VARIABLE = YES;
				IPHONEOS_DEPLOYMENT_TARGET = 15.6;
				LOCALIZATION_PREFERS_STRING_CATALOGS = YES;
				MTL_ENABLE_DEBUG_INFO = INCLUDE_SOURCE;
				MTL_FAST_MATH = YES;
				ONLY_ACTIVE_ARCH = YES;
				SDKROOT = iphoneos;
				SWIFT_ACTIVE_COMPILATION_CONDITIONS = "DEBUG $(inherited)";
				SWIFT_OPTIMIZATION_LEVEL = "-Onone";
			};
			name = Debug;
		};
		1589FC092D51782000240754 /* Release */ = {
			isa = XCBuildConfiguration;
			buildSettings = {
				ALWAYS_SEARCH_USER_PATHS = NO;
				ASSETCATALOG_COMPILER_GENERATE_SWIFT_ASSET_SYMBOL_EXTENSIONS = YES;
				CLANG_ANALYZER_NONNULL = YES;
				CLANG_ANALYZER_NUMBER_OBJECT_CONVERSION = YES_AGGRESSIVE;
				CLANG_CXX_LANGUAGE_STANDARD = "gnu++20";
				CLANG_ENABLE_MODULES = YES;
				CLANG_ENABLE_OBJC_ARC = YES;
				CLANG_ENABLE_OBJC_WEAK = YES;
				CLANG_WARN_BLOCK_CAPTURE_AUTORELEASING = YES;
				CLANG_WARN_BOOL_CONVERSION = YES;
				CLANG_WARN_COMMA = YES;
				CLANG_WARN_CONSTANT_CONVERSION = YES;
				CLANG_WARN_DEPRECATED_OBJC_IMPLEMENTATIONS = YES;
				CLANG_WARN_DIRECT_OBJC_ISA_USAGE = YES_ERROR;
				CLANG_WARN_DOCUMENTATION_COMMENTS = YES;
				CLANG_WARN_EMPTY_BODY = YES;
				CLANG_WARN_ENUM_CONVERSION = YES;
				CLANG_WARN_INFINITE_RECURSION = YES;
				CLANG_WARN_INT_CONVERSION = YES;
				CLANG_WARN_NON_LITERAL_NULL_CONVERSION = YES;
				CLANG_WARN_OBJC_IMPLICIT_RETAIN_SELF = YES;
				CLANG_WARN_OBJC_LITERAL_CONVERSION = YES;
				CLANG_WARN_OBJC_ROOT_CLASS = YES_ERROR;
				CLANG_WARN_QUOTED_INCLUDE_IN_FRAMEWORK_HEADER = YES;
				CLANG_WARN_RANGE_LOOP_ANALYSIS = YES;
				CLANG_WARN_STRICT_PROTOTYPES = YES;
				CLANG_WARN_SUSPICIOUS_MOVE = YES;
				CLANG_WARN_UNGUARDED_AVAILABILITY = YES_AGGRESSIVE;
				CLANG_WARN_UNREACHABLE_CODE = YES;
				CLANG_WARN__DUPLICATE_METHOD_MATCH = YES;
				COPY_PHASE_STRIP = NO;
				DEBUG_INFORMATION_FORMAT = "dwarf-with-dsym";
				ENABLE_NS_ASSERTIONS = NO;
				ENABLE_STRICT_OBJC_MSGSEND = YES;
				ENABLE_USER_SCRIPT_SANDBOXING = YES;
				GCC_C_LANGUAGE_STANDARD = gnu17;
				GCC_NO_COMMON_BLOCKS = YES;
				GCC_WARN_64_TO_32_BIT_CONVERSION = YES;
				GCC_WARN_ABOUT_RETURN_TYPE = YES_ERROR;
				GCC_WARN_UNDECLARED_SELECTOR = YES;
				GCC_WARN_UNINITIALIZED_AUTOS = YES_AGGRESSIVE;
				GCC_WARN_UNUSED_FUNCTION = YES;
				GCC_WARN_UNUSED_VARIABLE = YES;
				IPHONEOS_DEPLOYMENT_TARGET = 15.6;
				LOCALIZATION_PREFERS_STRING_CATALOGS = YES;
				MTL_ENABLE_DEBUG_INFO = NO;
				MTL_FAST_MATH = YES;
				SDKROOT = iphoneos;
				SWIFT_COMPILATION_MODE = wholemodule;
				VALIDATE_PRODUCT = YES;
			};
			name = Release;
		};
/* End XCBuildConfiguration section */

/* Begin XCConfigurationList section */
		1589FBED2D51781D00240754 /* Build configuration list for PBXProject "Herfety" */ = {
			isa = XCConfigurationList;
			buildConfigurations = (
				1589FC082D51782000240754 /* Debug */,
				1589FC092D51782000240754 /* Release */,
			);
			defaultConfigurationIsVisible = 0;
			defaultConfigurationName = Release;
		};
		1589FC052D51782000240754 /* Build configuration list for PBXNativeTarget "Herfety" */ = {
			isa = XCConfigurationList;
			buildConfigurations = (
				1589FC062D51782000240754 /* Debug */,
				1589FC072D51782000240754 /* Release */,
			);
			defaultConfigurationIsVisible = 0;
			defaultConfigurationName = Release;
		};
/* End XCConfigurationList section */

/* Begin XCSwiftPackageProductDependency section */
		1589FC222D51818E00240754 /* Logger */ = {
			isa = XCSwiftPackageProductDependency;
			productName = Logger;
		};
		1589FC242D51818E00240754 /* UIHerfety */ = {
			isa = XCSwiftPackageProductDependency;
			productName = UIHerfety;
		};
/* End XCSwiftPackageProductDependency section */
	};
	rootObject = 1589FBEA2D51781D00240754 /* Project object */;
}
